
Microsoft Visual Studio Solution File, Format Version 12.00
# Visual Studio Version 17
VisualStudioVersion = 17.0.31903.59
MinimumVisualStudioVersion = 10.0.40219.1
Project("{2150E333-8FDC-42A3-9474-1A3956D46DE8}") = "src", "src", "{827E0CD3-B72D-47B6-A68D-7590B98EB39B}"
EndProject
Project("{FAE04EC0-301F-11D3-BF4B-00C04F79EFBC}") = "Andy.Tui.Animations", "src\Andy.Tui.Animations\Andy.Tui.Animations.csproj", "{99B12564-335D-4521-B25B-EFE593F3A184}"
EndProject
Project("{FAE04EC0-301F-11D3-BF4B-00C04F79EFBC}") = "Andy.Tui.Backend.Terminal", "src\Andy.Tui.Backend.Terminal\Andy.Tui.Backend.Terminal.csproj", "{1C0AC0CC-B2BB-4F26-97E4-2A7E528E97DB}"
EndProject
Project("{FAE04EC0-301F-11D3-BF4B-00C04F79EFBC}") = "Andy.Tui.CliWidgets", "src\Andy.Tui.CliWidgets\Andy.Tui.CliWidgets.csproj", "{C4A2FC45-168A-477D-80A7-C3CBE90F642E}"
EndProject
Project("{FAE04EC0-301F-11D3-BF4B-00C04F79EFBC}") = "Andy.Tui.Compose", "src\Andy.Tui.Compose\Andy.Tui.Compose.csproj", "{AF615A44-10BA-46CB-98C2-54AF35258B5B}"
EndProject
Project("{FAE04EC0-301F-11D3-BF4B-00C04F79EFBC}") = "Andy.Tui.Compositor", "src\Andy.Tui.Compositor\Andy.Tui.Compositor.csproj", "{DC9913A3-68CD-45F1-A56B-98B1A7817B02}"
EndProject
Project("{FAE04EC0-301F-11D3-BF4B-00C04F79EFBC}") = "Andy.Tui.Core", "src\Andy.Tui.Core\Andy.Tui.Core.csproj", "{BEF5CA9B-55D3-4708-9F05-B0FEFA961ED0}"
EndProject
Project("{FAE04EC0-301F-11D3-BF4B-00C04F79EFBC}") = "Andy.Tui.DisplayList", "src\Andy.Tui.DisplayList\Andy.Tui.DisplayList.csproj", "{5EA4AC24-C68D-41B8-AAFF-F2D83C4E1697}"
EndProject
Project("{FAE04EC0-301F-11D3-BF4B-00C04F79EFBC}") = "Andy.Tui.Input", "src\Andy.Tui.Input\Andy.Tui.Input.csproj", "{7D64F261-30B1-47BF-8C68-EA8F66A1B559}"
EndProject
Project("{FAE04EC0-301F-11D3-BF4B-00C04F79EFBC}") = "Andy.Tui.Layout", "src\Andy.Tui.Layout\Andy.Tui.Layout.csproj", "{C970A2C3-BD54-44FB-83D4-6C9E603476B5}"
EndProject
Project("{FAE04EC0-301F-11D3-BF4B-00C04F79EFBC}") = "Andy.Tui.Observability", "src\Andy.Tui.Observability\Andy.Tui.Observability.csproj", "{30F0D97E-BCB8-4627-89CC-24DF1A6E65C3}"
EndProject
Project("{FAE04EC0-301F-11D3-BF4B-00C04F79EFBC}") = "Andy.Tui.Style", "src\Andy.Tui.Style\Andy.Tui.Style.csproj", "{9A747D7A-2783-475E-A428-CC7FA041B90D}"
EndProject
Project("{FAE04EC0-301F-11D3-BF4B-00C04F79EFBC}") = "Andy.Tui.Text", "src\Andy.Tui.Text\Andy.Tui.Text.csproj", "{F9AC1342-E767-49F5-8995-351EA2B5AE7E}"
EndProject
Project("{FAE04EC0-301F-11D3-BF4B-00C04F79EFBC}") = "Andy.Tui.Virtualization", "src\Andy.Tui.Virtualization\Andy.Tui.Virtualization.csproj", "{1E83480D-3E01-4A1B-AE76-77FCD85B2BF4}"
EndProject
Project("{FAE04EC0-301F-11D3-BF4B-00C04F79EFBC}") = "Andy.Tui.Widgets", "src\Andy.Tui.Widgets\Andy.Tui.Widgets.csproj", "{3F1AC418-7CCB-449C-9442-2DBED8EFBEDA}"
EndProject
Project("{FAE04EC0-301F-11D3-BF4B-00C04F79EFBC}") = "Andy.Tui", "src\Andy.Tui\Andy.Tui.csproj", "{458B68E1-F47A-44F2-B9B5-64833F1D7F42}"
EndProject
Project("{2150E333-8FDC-42A3-9474-1A3956D46DE8}") = "tests", "tests", "{0AB3BF05-4346-4AA6-1389-037BE0695223}"
EndProject
Project("{FAE04EC0-301F-11D3-BF4B-00C04F79EFBC}") = "Andy.Tui.Animations.Tests", "tests\Andy.Tui.Animations.Tests\Andy.Tui.Animations.Tests.csproj", "{0864BECB-74FA-4293-A413-5BD0BB7860C5}"
EndProject
Project("{FAE04EC0-301F-11D3-BF4B-00C04F79EFBC}") = "Andy.Tui.CliWidgets.Tests", "tests\Andy.Tui.CliWidgets.Tests\Andy.Tui.CliWidgets.Tests.csproj", "{1A3A215A-4E68-4680-823B-5EF22C220C45}"
EndProject
Project("{FAE04EC0-301F-11D3-BF4B-00C04F79EFBC}") = "Andy.Tui.Compose.Tests", "tests\Andy.Tui.Compose.Tests\Andy.Tui.Compose.Tests.csproj", "{6EF9AACE-38F7-4CC2-A67A-CA91B473398C}"
EndProject
Project("{FAE04EC0-301F-11D3-BF4B-00C04F79EFBC}") = "Andy.Tui.Core.Tests", "tests\Andy.Tui.Core.Tests\Andy.Tui.Core.Tests.csproj", "{0ED2A4AA-57A2-4371-A687-8C59601D558A}"
EndProject
Project("{FAE04EC0-301F-11D3-BF4B-00C04F79EFBC}") = "Andy.Tui.Input.Tests", "tests\Andy.Tui.Input.Tests\Andy.Tui.Input.Tests.csproj", "{71F5C758-F05E-4162-9E34-ACBA00573BE6}"
EndProject
Project("{FAE04EC0-301F-11D3-BF4B-00C04F79EFBC}") = "Andy.Tui.Layout.Tests", "tests\Andy.Tui.Layout.Tests\Andy.Tui.Layout.Tests.csproj", "{0278EE04-A967-41F7-97CF-34A1F813B4DF}"
EndProject
Project("{FAE04EC0-301F-11D3-BF4B-00C04F79EFBC}") = "Andy.Tui.Observability.Tests", "tests\Andy.Tui.Observability.Tests\Andy.Tui.Observability.Tests.csproj", "{4A30A662-AC28-4B4B-B136-DF05C6183AC8}"
EndProject
Project("{FAE04EC0-301F-11D3-BF4B-00C04F79EFBC}") = "Andy.Tui.Parity.Playwright", "tests\Andy.Tui.Parity.Playwright\Andy.Tui.Parity.Playwright.csproj", "{79F60E01-44BD-47B8-BBB7-2C8B79BFDB2A}"
EndProject
Project("{FAE04EC0-301F-11D3-BF4B-00C04F79EFBC}") = "Andy.Tui.Rendering.Tests", "tests\Andy.Tui.Rendering.Tests\Andy.Tui.Rendering.Tests.csproj", "{6E461625-2CB6-4F9C-8ABC-350DC6A6094F}"
EndProject
Project("{FAE04EC0-301F-11D3-BF4B-00C04F79EFBC}") = "Andy.Tui.Style.Tests", "tests\Andy.Tui.Style.Tests\Andy.Tui.Style.Tests.csproj", "{68AFB81B-7867-4709-B73A-6D41ED06CB3A}"
EndProject
Project("{FAE04EC0-301F-11D3-BF4B-00C04F79EFBC}") = "Andy.Tui.Text.Tests", "tests\Andy.Tui.Text.Tests\Andy.Tui.Text.Tests.csproj", "{E915ABDC-9AF8-45FA-91A0-16F3832A020B}"
EndProject
Project("{FAE04EC0-301F-11D3-BF4B-00C04F79EFBC}") = "Andy.Tui.Virtualization.Tests", "tests\Andy.Tui.Virtualization.Tests\Andy.Tui.Virtualization.Tests.csproj", "{08F8EE23-E0E8-4842-97CB-E2E84599C883}"
EndProject
Project("{FAE04EC0-301F-11D3-BF4B-00C04F79EFBC}") = "Andy.Tui.Widgets.Tests", "tests\Andy.Tui.Widgets.Tests\Andy.Tui.Widgets.Tests.csproj", "{73CDC704-BFFC-4B0F-989F-607089445527}"
EndProject
Project("{2150E333-8FDC-42A3-9474-1A3956D46DE8}") = "examples", "examples", "{B36A84DF-456D-A817-6EDD-3EC3E7F6E11F}"
EndProject
Project("{FAE04EC0-301F-11D3-BF4B-00C04F79EFBC}") = "Andy.Tui.CliWidgets.Examples", "examples\Andy.Tui.CliWidgets.Examples\Andy.Tui.CliWidgets.Examples.csproj", "{6EF5E92F-D841-42AB-841E-28AA56D2905B}"
EndProject
Project("{FAE04EC0-301F-11D3-BF4B-00C04F79EFBC}") = "Andy.Tui.Examples", "examples\Andy.Tui.Examples\Andy.Tui.Examples.csproj", "{5D57BCBD-693F-4353-9473-57B08A53A601}"
EndProject
Global
	GlobalSection(SolutionConfigurationPlatforms) = preSolution
		Debug|Any CPU = Debug|Any CPU
		Debug|x64 = Debug|x64
		Debug|x86 = Debug|x86
		Release|Any CPU = Release|Any CPU
		Release|x64 = Release|x64
		Release|x86 = Release|x86
	EndGlobalSection
	GlobalSection(ProjectConfigurationPlatforms) = postSolution
		{99B12564-335D-4521-B25B-EFE593F3A184}.Debug|Any CPU.ActiveCfg = Debug|Any CPU
		{99B12564-335D-4521-B25B-EFE593F3A184}.Debug|Any CPU.Build.0 = Debug|Any CPU
		{99B12564-335D-4521-B25B-EFE593F3A184}.Debug|x64.ActiveCfg = Debug|Any CPU
		{99B12564-335D-4521-B25B-EFE593F3A184}.Debug|x64.Build.0 = Debug|Any CPU
		{99B12564-335D-4521-B25B-EFE593F3A184}.Debug|x86.ActiveCfg = Debug|Any CPU
		{99B12564-335D-4521-B25B-EFE593F3A184}.Debug|x86.Build.0 = Debug|Any CPU
		{99B12564-335D-4521-B25B-EFE593F3A184}.Release|Any CPU.ActiveCfg = Release|Any CPU
		{99B12564-335D-4521-B25B-EFE593F3A184}.Release|Any CPU.Build.0 = Release|Any CPU
		{99B12564-335D-4521-B25B-EFE593F3A184}.Release|x64.ActiveCfg = Release|Any CPU
		{99B12564-335D-4521-B25B-EFE593F3A184}.Release|x64.Build.0 = Release|Any CPU
		{99B12564-335D-4521-B25B-EFE593F3A184}.Release|x86.ActiveCfg = Release|Any CPU
		{99B12564-335D-4521-B25B-EFE593F3A184}.Release|x86.Build.0 = Release|Any CPU
		{1C0AC0CC-B2BB-4F26-97E4-2A7E528E97DB}.Debug|Any CPU.ActiveCfg = Debug|Any CPU
		{1C0AC0CC-B2BB-4F26-97E4-2A7E528E97DB}.Debug|Any CPU.Build.0 = Debug|Any CPU
		{1C0AC0CC-B2BB-4F26-97E4-2A7E528E97DB}.Debug|x64.ActiveCfg = Debug|Any CPU
		{1C0AC0CC-B2BB-4F26-97E4-2A7E528E97DB}.Debug|x64.Build.0 = Debug|Any CPU
		{1C0AC0CC-B2BB-4F26-97E4-2A7E528E97DB}.Debug|x86.ActiveCfg = Debug|Any CPU
		{1C0AC0CC-B2BB-4F26-97E4-2A7E528E97DB}.Debug|x86.Build.0 = Debug|Any CPU
		{1C0AC0CC-B2BB-4F26-97E4-2A7E528E97DB}.Release|Any CPU.ActiveCfg = Release|Any CPU
		{1C0AC0CC-B2BB-4F26-97E4-2A7E528E97DB}.Release|Any CPU.Build.0 = Release|Any CPU
		{1C0AC0CC-B2BB-4F26-97E4-2A7E528E97DB}.Release|x64.ActiveCfg = Release|Any CPU
		{1C0AC0CC-B2BB-4F26-97E4-2A7E528E97DB}.Release|x64.Build.0 = Release|Any CPU
		{1C0AC0CC-B2BB-4F26-97E4-2A7E528E97DB}.Release|x86.ActiveCfg = Release|Any CPU
		{1C0AC0CC-B2BB-4F26-97E4-2A7E528E97DB}.Release|x86.Build.0 = Release|Any CPU
		{C4A2FC45-168A-477D-80A7-C3CBE90F642E}.Debug|Any CPU.ActiveCfg = Debug|Any CPU
		{C4A2FC45-168A-477D-80A7-C3CBE90F642E}.Debug|Any CPU.Build.0 = Debug|Any CPU
		{C4A2FC45-168A-477D-80A7-C3CBE90F642E}.Debug|x64.ActiveCfg = Debug|Any CPU
		{C4A2FC45-168A-477D-80A7-C3CBE90F642E}.Debug|x64.Build.0 = Debug|Any CPU
		{C4A2FC45-168A-477D-80A7-C3CBE90F642E}.Debug|x86.ActiveCfg = Debug|Any CPU
		{C4A2FC45-168A-477D-80A7-C3CBE90F642E}.Debug|x86.Build.0 = Debug|Any CPU
		{C4A2FC45-168A-477D-80A7-C3CBE90F642E}.Release|Any CPU.ActiveCfg = Release|Any CPU
		{C4A2FC45-168A-477D-80A7-C3CBE90F642E}.Release|Any CPU.Build.0 = Release|Any CPU
		{C4A2FC45-168A-477D-80A7-C3CBE90F642E}.Release|x64.ActiveCfg = Release|Any CPU
		{C4A2FC45-168A-477D-80A7-C3CBE90F642E}.Release|x64.Build.0 = Release|Any CPU
		{C4A2FC45-168A-477D-80A7-C3CBE90F642E}.Release|x86.ActiveCfg = Release|Any CPU
		{C4A2FC45-168A-477D-80A7-C3CBE90F642E}.Release|x86.Build.0 = Release|Any CPU
		{AF615A44-10BA-46CB-98C2-54AF35258B5B}.Debug|Any CPU.ActiveCfg = Debug|Any CPU
		{AF615A44-10BA-46CB-98C2-54AF35258B5B}.Debug|Any CPU.Build.0 = Debug|Any CPU
		{AF615A44-10BA-46CB-98C2-54AF35258B5B}.Debug|x64.ActiveCfg = Debug|Any CPU
		{AF615A44-10BA-46CB-98C2-54AF35258B5B}.Debug|x64.Build.0 = Debug|Any CPU
		{AF615A44-10BA-46CB-98C2-54AF35258B5B}.Debug|x86.ActiveCfg = Debug|Any CPU
		{AF615A44-10BA-46CB-98C2-54AF35258B5B}.Debug|x86.Build.0 = Debug|Any CPU
		{AF615A44-10BA-46CB-98C2-54AF35258B5B}.Release|Any CPU.ActiveCfg = Release|Any CPU
		{AF615A44-10BA-46CB-98C2-54AF35258B5B}.Release|Any CPU.Build.0 = Release|Any CPU
		{AF615A44-10BA-46CB-98C2-54AF35258B5B}.Release|x64.ActiveCfg = Release|Any CPU
		{AF615A44-10BA-46CB-98C2-54AF35258B5B}.Release|x64.Build.0 = Release|Any CPU
		{AF615A44-10BA-46CB-98C2-54AF35258B5B}.Release|x86.ActiveCfg = Release|Any CPU
		{AF615A44-10BA-46CB-98C2-54AF35258B5B}.Release|x86.Build.0 = Release|Any CPU
		{DC9913A3-68CD-45F1-A56B-98B1A7817B02}.Debug|Any CPU.ActiveCfg = Debug|Any CPU
		{DC9913A3-68CD-45F1-A56B-98B1A7817B02}.Debug|Any CPU.Build.0 = Debug|Any CPU
		{DC9913A3-68CD-45F1-A56B-98B1A7817B02}.Debug|x64.ActiveCfg = Debug|Any CPU
		{DC9913A3-68CD-45F1-A56B-98B1A7817B02}.Debug|x64.Build.0 = Debug|Any CPU
		{DC9913A3-68CD-45F1-A56B-98B1A7817B02}.Debug|x86.ActiveCfg = Debug|Any CPU
		{DC9913A3-68CD-45F1-A56B-98B1A7817B02}.Debug|x86.Build.0 = Debug|Any CPU
		{DC9913A3-68CD-45F1-A56B-98B1A7817B02}.Release|Any CPU.ActiveCfg = Release|Any CPU
		{DC9913A3-68CD-45F1-A56B-98B1A7817B02}.Release|Any CPU.Build.0 = Release|Any CPU
		{DC9913A3-68CD-45F1-A56B-98B1A7817B02}.Release|x64.ActiveCfg = Release|Any CPU
		{DC9913A3-68CD-45F1-A56B-98B1A7817B02}.Release|x64.Build.0 = Release|Any CPU
		{DC9913A3-68CD-45F1-A56B-98B1A7817B02}.Release|x86.ActiveCfg = Release|Any CPU
		{DC9913A3-68CD-45F1-A56B-98B1A7817B02}.Release|x86.Build.0 = Release|Any CPU
		{BEF5CA9B-55D3-4708-9F05-B0FEFA961ED0}.Debug|Any CPU.ActiveCfg = Debug|Any CPU
		{BEF5CA9B-55D3-4708-9F05-B0FEFA961ED0}.Debug|Any CPU.Build.0 = Debug|Any CPU
		{BEF5CA9B-55D3-4708-9F05-B0FEFA961ED0}.Debug|x64.ActiveCfg = Debug|Any CPU
		{BEF5CA9B-55D3-4708-9F05-B0FEFA961ED0}.Debug|x64.Build.0 = Debug|Any CPU
		{BEF5CA9B-55D3-4708-9F05-B0FEFA961ED0}.Debug|x86.ActiveCfg = Debug|Any CPU
		{BEF5CA9B-55D3-4708-9F05-B0FEFA961ED0}.Debug|x86.Build.0 = Debug|Any CPU
		{BEF5CA9B-55D3-4708-9F05-B0FEFA961ED0}.Release|Any CPU.ActiveCfg = Release|Any CPU
		{BEF5CA9B-55D3-4708-9F05-B0FEFA961ED0}.Release|Any CPU.Build.0 = Release|Any CPU
		{BEF5CA9B-55D3-4708-9F05-B0FEFA961ED0}.Release|x64.ActiveCfg = Release|Any CPU
		{BEF5CA9B-55D3-4708-9F05-B0FEFA961ED0}.Release|x64.Build.0 = Release|Any CPU
		{BEF5CA9B-55D3-4708-9F05-B0FEFA961ED0}.Release|x86.ActiveCfg = Release|Any CPU
		{BEF5CA9B-55D3-4708-9F05-B0FEFA961ED0}.Release|x86.Build.0 = Release|Any CPU
		{5EA4AC24-C68D-41B8-AAFF-F2D83C4E1697}.Debug|Any CPU.ActiveCfg = Debug|Any CPU
		{5EA4AC24-C68D-41B8-AAFF-F2D83C4E1697}.Debug|Any CPU.Build.0 = Debug|Any CPU
		{5EA4AC24-C68D-41B8-AAFF-F2D83C4E1697}.Debug|x64.ActiveCfg = Debug|Any CPU
		{5EA4AC24-C68D-41B8-AAFF-F2D83C4E1697}.Debug|x64.Build.0 = Debug|Any CPU
		{5EA4AC24-C68D-41B8-AAFF-F2D83C4E1697}.Debug|x86.ActiveCfg = Debug|Any CPU
		{5EA4AC24-C68D-41B8-AAFF-F2D83C4E1697}.Debug|x86.Build.0 = Debug|Any CPU
		{5EA4AC24-C68D-41B8-AAFF-F2D83C4E1697}.Release|Any CPU.ActiveCfg = Release|Any CPU
		{5EA4AC24-C68D-41B8-AAFF-F2D83C4E1697}.Release|Any CPU.Build.0 = Release|Any CPU
		{5EA4AC24-C68D-41B8-AAFF-F2D83C4E1697}.Release|x64.ActiveCfg = Release|Any CPU
		{5EA4AC24-C68D-41B8-AAFF-F2D83C4E1697}.Release|x64.Build.0 = Release|Any CPU
		{5EA4AC24-C68D-41B8-AAFF-F2D83C4E1697}.Release|x86.ActiveCfg = Release|Any CPU
		{5EA4AC24-C68D-41B8-AAFF-F2D83C4E1697}.Release|x86.Build.0 = Release|Any CPU
		{7D64F261-30B1-47BF-8C68-EA8F66A1B559}.Debug|Any CPU.ActiveCfg = Debug|Any CPU
		{7D64F261-30B1-47BF-8C68-EA8F66A1B559}.Debug|Any CPU.Build.0 = Debug|Any CPU
		{7D64F261-30B1-47BF-8C68-EA8F66A1B559}.Debug|x64.ActiveCfg = Debug|Any CPU
		{7D64F261-30B1-47BF-8C68-EA8F66A1B559}.Debug|x64.Build.0 = Debug|Any CPU
		{7D64F261-30B1-47BF-8C68-EA8F66A1B559}.Debug|x86.ActiveCfg = Debug|Any CPU
		{7D64F261-30B1-47BF-8C68-EA8F66A1B559}.Debug|x86.Build.0 = Debug|Any CPU
		{7D64F261-30B1-47BF-8C68-EA8F66A1B559}.Release|Any CPU.ActiveCfg = Release|Any CPU
		{7D64F261-30B1-47BF-8C68-EA8F66A1B559}.Release|Any CPU.Build.0 = Release|Any CPU
		{7D64F261-30B1-47BF-8C68-EA8F66A1B559}.Release|x64.ActiveCfg = Release|Any CPU
		{7D64F261-30B1-47BF-8C68-EA8F66A1B559}.Release|x64.Build.0 = Release|Any CPU
		{7D64F261-30B1-47BF-8C68-EA8F66A1B559}.Release|x86.ActiveCfg = Release|Any CPU
		{7D64F261-30B1-47BF-8C68-EA8F66A1B559}.Release|x86.Build.0 = Release|Any CPU
		{C970A2C3-BD54-44FB-83D4-6C9E603476B5}.Debug|Any CPU.ActiveCfg = Debug|Any CPU
		{C970A2C3-BD54-44FB-83D4-6C9E603476B5}.Debug|Any CPU.Build.0 = Debug|Any CPU
		{C970A2C3-BD54-44FB-83D4-6C9E603476B5}.Debug|x64.ActiveCfg = Debug|Any CPU
		{C970A2C3-BD54-44FB-83D4-6C9E603476B5}.Debug|x64.Build.0 = Debug|Any CPU
		{C970A2C3-BD54-44FB-83D4-6C9E603476B5}.Debug|x86.ActiveCfg = Debug|Any CPU
		{C970A2C3-BD54-44FB-83D4-6C9E603476B5}.Debug|x86.Build.0 = Debug|Any CPU
		{C970A2C3-BD54-44FB-83D4-6C9E603476B5}.Release|Any CPU.ActiveCfg = Release|Any CPU
		{C970A2C3-BD54-44FB-83D4-6C9E603476B5}.Release|Any CPU.Build.0 = Release|Any CPU
		{C970A2C3-BD54-44FB-83D4-6C9E603476B5}.Release|x64.ActiveCfg = Release|Any CPU
		{C970A2C3-BD54-44FB-83D4-6C9E603476B5}.Release|x64.Build.0 = Release|Any CPU
		{C970A2C3-BD54-44FB-83D4-6C9E603476B5}.Release|x86.ActiveCfg = Release|Any CPU
		{C970A2C3-BD54-44FB-83D4-6C9E603476B5}.Release|x86.Build.0 = Release|Any CPU
		{30F0D97E-BCB8-4627-89CC-24DF1A6E65C3}.Debug|Any CPU.ActiveCfg = Debug|Any CPU
		{30F0D97E-BCB8-4627-89CC-24DF1A6E65C3}.Debug|Any CPU.Build.0 = Debug|Any CPU
		{30F0D97E-BCB8-4627-89CC-24DF1A6E65C3}.Debug|x64.ActiveCfg = Debug|Any CPU
		{30F0D97E-BCB8-4627-89CC-24DF1A6E65C3}.Debug|x64.Build.0 = Debug|Any CPU
		{30F0D97E-BCB8-4627-89CC-24DF1A6E65C3}.Debug|x86.ActiveCfg = Debug|Any CPU
		{30F0D97E-BCB8-4627-89CC-24DF1A6E65C3}.Debug|x86.Build.0 = Debug|Any CPU
		{30F0D97E-BCB8-4627-89CC-24DF1A6E65C3}.Release|Any CPU.ActiveCfg = Release|Any CPU
		{30F0D97E-BCB8-4627-89CC-24DF1A6E65C3}.Release|Any CPU.Build.0 = Release|Any CPU
		{30F0D97E-BCB8-4627-89CC-24DF1A6E65C3}.Release|x64.ActiveCfg = Release|Any CPU
		{30F0D97E-BCB8-4627-89CC-24DF1A6E65C3}.Release|x64.Build.0 = Release|Any CPU
		{30F0D97E-BCB8-4627-89CC-24DF1A6E65C3}.Release|x86.ActiveCfg = Release|Any CPU
		{30F0D97E-BCB8-4627-89CC-24DF1A6E65C3}.Release|x86.Build.0 = Release|Any CPU
		{9A747D7A-2783-475E-A428-CC7FA041B90D}.Debug|Any CPU.ActiveCfg = Debug|Any CPU
		{9A747D7A-2783-475E-A428-CC7FA041B90D}.Debug|Any CPU.Build.0 = Debug|Any CPU
		{9A747D7A-2783-475E-A428-CC7FA041B90D}.Debug|x64.ActiveCfg = Debug|Any CPU
		{9A747D7A-2783-475E-A428-CC7FA041B90D}.Debug|x64.Build.0 = Debug|Any CPU
		{9A747D7A-2783-475E-A428-CC7FA041B90D}.Debug|x86.ActiveCfg = Debug|Any CPU
		{9A747D7A-2783-475E-A428-CC7FA041B90D}.Debug|x86.Build.0 = Debug|Any CPU
		{9A747D7A-2783-475E-A428-CC7FA041B90D}.Release|Any CPU.ActiveCfg = Release|Any CPU
		{9A747D7A-2783-475E-A428-CC7FA041B90D}.Release|Any CPU.Build.0 = Release|Any CPU
		{9A747D7A-2783-475E-A428-CC7FA041B90D}.Release|x64.ActiveCfg = Release|Any CPU
		{9A747D7A-2783-475E-A428-CC7FA041B90D}.Release|x64.Build.0 = Release|Any CPU
		{9A747D7A-2783-475E-A428-CC7FA041B90D}.Release|x86.ActiveCfg = Release|Any CPU
		{9A747D7A-2783-475E-A428-CC7FA041B90D}.Release|x86.Build.0 = Release|Any CPU
		{F9AC1342-E767-49F5-8995-351EA2B5AE7E}.Debug|Any CPU.ActiveCfg = Debug|Any CPU
		{F9AC1342-E767-49F5-8995-351EA2B5AE7E}.Debug|Any CPU.Build.0 = Debug|Any CPU
		{F9AC1342-E767-49F5-8995-351EA2B5AE7E}.Debug|x64.ActiveCfg = Debug|Any CPU
		{F9AC1342-E767-49F5-8995-351EA2B5AE7E}.Debug|x64.Build.0 = Debug|Any CPU
		{F9AC1342-E767-49F5-8995-351EA2B5AE7E}.Debug|x86.ActiveCfg = Debug|Any CPU
		{F9AC1342-E767-49F5-8995-351EA2B5AE7E}.Debug|x86.Build.0 = Debug|Any CPU
		{F9AC1342-E767-49F5-8995-351EA2B5AE7E}.Release|Any CPU.ActiveCfg = Release|Any CPU
		{F9AC1342-E767-49F5-8995-351EA2B5AE7E}.Release|Any CPU.Build.0 = Release|Any CPU
		{F9AC1342-E767-49F5-8995-351EA2B5AE7E}.Release|x64.ActiveCfg = Release|Any CPU
		{F9AC1342-E767-49F5-8995-351EA2B5AE7E}.Release|x64.Build.0 = Release|Any CPU
		{F9AC1342-E767-49F5-8995-351EA2B5AE7E}.Release|x86.ActiveCfg = Release|Any CPU
		{F9AC1342-E767-49F5-8995-351EA2B5AE7E}.Release|x86.Build.0 = Release|Any CPU
		{1E83480D-3E01-4A1B-AE76-77FCD85B2BF4}.Debug|Any CPU.ActiveCfg = Debug|Any CPU
		{1E83480D-3E01-4A1B-AE76-77FCD85B2BF4}.Debug|Any CPU.Build.0 = Debug|Any CPU
		{1E83480D-3E01-4A1B-AE76-77FCD85B2BF4}.Debug|x64.ActiveCfg = Debug|Any CPU
		{1E83480D-3E01-4A1B-AE76-77FCD85B2BF4}.Debug|x64.Build.0 = Debug|Any CPU
		{1E83480D-3E01-4A1B-AE76-77FCD85B2BF4}.Debug|x86.ActiveCfg = Debug|Any CPU
		{1E83480D-3E01-4A1B-AE76-77FCD85B2BF4}.Debug|x86.Build.0 = Debug|Any CPU
		{1E83480D-3E01-4A1B-AE76-77FCD85B2BF4}.Release|Any CPU.ActiveCfg = Release|Any CPU
		{1E83480D-3E01-4A1B-AE76-77FCD85B2BF4}.Release|Any CPU.Build.0 = Release|Any CPU
		{1E83480D-3E01-4A1B-AE76-77FCD85B2BF4}.Release|x64.ActiveCfg = Release|Any CPU
		{1E83480D-3E01-4A1B-AE76-77FCD85B2BF4}.Release|x64.Build.0 = Release|Any CPU
		{1E83480D-3E01-4A1B-AE76-77FCD85B2BF4}.Release|x86.ActiveCfg = Release|Any CPU
		{1E83480D-3E01-4A1B-AE76-77FCD85B2BF4}.Release|x86.Build.0 = Release|Any CPU
		{3F1AC418-7CCB-449C-9442-2DBED8EFBEDA}.Debug|Any CPU.ActiveCfg = Debug|Any CPU
		{3F1AC418-7CCB-449C-9442-2DBED8EFBEDA}.Debug|Any CPU.Build.0 = Debug|Any CPU
		{3F1AC418-7CCB-449C-9442-2DBED8EFBEDA}.Debug|x64.ActiveCfg = Debug|Any CPU
		{3F1AC418-7CCB-449C-9442-2DBED8EFBEDA}.Debug|x64.Build.0 = Debug|Any CPU
		{3F1AC418-7CCB-449C-9442-2DBED8EFBEDA}.Debug|x86.ActiveCfg = Debug|Any CPU
		{3F1AC418-7CCB-449C-9442-2DBED8EFBEDA}.Debug|x86.Build.0 = Debug|Any CPU
		{3F1AC418-7CCB-449C-9442-2DBED8EFBEDA}.Release|Any CPU.ActiveCfg = Release|Any CPU
		{3F1AC418-7CCB-449C-9442-2DBED8EFBEDA}.Release|Any CPU.Build.0 = Release|Any CPU
		{3F1AC418-7CCB-449C-9442-2DBED8EFBEDA}.Release|x64.ActiveCfg = Release|Any CPU
		{3F1AC418-7CCB-449C-9442-2DBED8EFBEDA}.Release|x64.Build.0 = Release|Any CPU
		{3F1AC418-7CCB-449C-9442-2DBED8EFBEDA}.Release|x86.ActiveCfg = Release|Any CPU
		{3F1AC418-7CCB-449C-9442-2DBED8EFBEDA}.Release|x86.Build.0 = Release|Any CPU
		{458B68E1-F47A-44F2-B9B5-64833F1D7F42}.Debug|Any CPU.ActiveCfg = Debug|Any CPU
		{458B68E1-F47A-44F2-B9B5-64833F1D7F42}.Debug|Any CPU.Build.0 = Debug|Any CPU
		{458B68E1-F47A-44F2-B9B5-64833F1D7F42}.Debug|x64.ActiveCfg = Debug|Any CPU
		{458B68E1-F47A-44F2-B9B5-64833F1D7F42}.Debug|x64.Build.0 = Debug|Any CPU
		{458B68E1-F47A-44F2-B9B5-64833F1D7F42}.Debug|x86.ActiveCfg = Debug|Any CPU
		{458B68E1-F47A-44F2-B9B5-64833F1D7F42}.Debug|x86.Build.0 = Debug|Any CPU
		{458B68E1-F47A-44F2-B9B5-64833F1D7F42}.Release|Any CPU.ActiveCfg = Release|Any CPU
		{458B68E1-F47A-44F2-B9B5-64833F1D7F42}.Release|Any CPU.Build.0 = Release|Any CPU
		{458B68E1-F47A-44F2-B9B5-64833F1D7F42}.Release|x64.ActiveCfg = Release|Any CPU
		{458B68E1-F47A-44F2-B9B5-64833F1D7F42}.Release|x64.Build.0 = Release|Any CPU
		{458B68E1-F47A-44F2-B9B5-64833F1D7F42}.Release|x86.ActiveCfg = Release|Any CPU
		{458B68E1-F47A-44F2-B9B5-64833F1D7F42}.Release|x86.Build.0 = Release|Any CPU
		{0864BECB-74FA-4293-A413-5BD0BB7860C5}.Debug|Any CPU.ActiveCfg = Debug|Any CPU
		{0864BECB-74FA-4293-A413-5BD0BB7860C5}.Debug|Any CPU.Build.0 = Debug|Any CPU
		{0864BECB-74FA-4293-A413-5BD0BB7860C5}.Debug|x64.ActiveCfg = Debug|Any CPU
		{0864BECB-74FA-4293-A413-5BD0BB7860C5}.Debug|x64.Build.0 = Debug|Any CPU
		{0864BECB-74FA-4293-A413-5BD0BB7860C5}.Debug|x86.ActiveCfg = Debug|Any CPU
		{0864BECB-74FA-4293-A413-5BD0BB7860C5}.Debug|x86.Build.0 = Debug|Any CPU
		{0864BECB-74FA-4293-A413-5BD0BB7860C5}.Release|Any CPU.ActiveCfg = Release|Any CPU
		{0864BECB-74FA-4293-A413-5BD0BB7860C5}.Release|Any CPU.Build.0 = Release|Any CPU
		{0864BECB-74FA-4293-A413-5BD0BB7860C5}.Release|x64.ActiveCfg = Release|Any CPU
		{0864BECB-74FA-4293-A413-5BD0BB7860C5}.Release|x64.Build.0 = Release|Any CPU
		{0864BECB-74FA-4293-A413-5BD0BB7860C5}.Release|x86.ActiveCfg = Release|Any CPU
		{0864BECB-74FA-4293-A413-5BD0BB7860C5}.Release|x86.Build.0 = Release|Any CPU
		{1A3A215A-4E68-4680-823B-5EF22C220C45}.Debug|Any CPU.ActiveCfg = Debug|Any CPU
		{1A3A215A-4E68-4680-823B-5EF22C220C45}.Debug|Any CPU.Build.0 = Debug|Any CPU
		{1A3A215A-4E68-4680-823B-5EF22C220C45}.Debug|x64.ActiveCfg = Debug|Any CPU
		{1A3A215A-4E68-4680-823B-5EF22C220C45}.Debug|x64.Build.0 = Debug|Any CPU
		{1A3A215A-4E68-4680-823B-5EF22C220C45}.Debug|x86.ActiveCfg = Debug|Any CPU
		{1A3A215A-4E68-4680-823B-5EF22C220C45}.Debug|x86.Build.0 = Debug|Any CPU
		{1A3A215A-4E68-4680-823B-5EF22C220C45}.Release|Any CPU.ActiveCfg = Release|Any CPU
		{1A3A215A-4E68-4680-823B-5EF22C220C45}.Release|Any CPU.Build.0 = Release|Any CPU
		{1A3A215A-4E68-4680-823B-5EF22C220C45}.Release|x64.ActiveCfg = Release|Any CPU
		{1A3A215A-4E68-4680-823B-5EF22C220C45}.Release|x64.Build.0 = Release|Any CPU
		{1A3A215A-4E68-4680-823B-5EF22C220C45}.Release|x86.ActiveCfg = Release|Any CPU
		{1A3A215A-4E68-4680-823B-5EF22C220C45}.Release|x86.Build.0 = Release|Any CPU
		{6EF9AACE-38F7-4CC2-A67A-CA91B473398C}.Debug|Any CPU.ActiveCfg = Debug|Any CPU
		{6EF9AACE-38F7-4CC2-A67A-CA91B473398C}.Debug|Any CPU.Build.0 = Debug|Any CPU
		{6EF9AACE-38F7-4CC2-A67A-CA91B473398C}.Debug|x64.ActiveCfg = Debug|Any CPU
		{6EF9AACE-38F7-4CC2-A67A-CA91B473398C}.Debug|x64.Build.0 = Debug|Any CPU
		{6EF9AACE-38F7-4CC2-A67A-CA91B473398C}.Debug|x86.ActiveCfg = Debug|Any CPU
		{6EF9AACE-38F7-4CC2-A67A-CA91B473398C}.Debug|x86.Build.0 = Debug|Any CPU
		{6EF9AACE-38F7-4CC2-A67A-CA91B473398C}.Release|Any CPU.ActiveCfg = Release|Any CPU
		{6EF9AACE-38F7-4CC2-A67A-CA91B473398C}.Release|Any CPU.Build.0 = Release|Any CPU
		{6EF9AACE-38F7-4CC2-A67A-CA91B473398C}.Release|x64.ActiveCfg = Release|Any CPU
		{6EF9AACE-38F7-4CC2-A67A-CA91B473398C}.Release|x64.Build.0 = Release|Any CPU
		{6EF9AACE-38F7-4CC2-A67A-CA91B473398C}.Release|x86.ActiveCfg = Release|Any CPU
		{6EF9AACE-38F7-4CC2-A67A-CA91B473398C}.Release|x86.Build.0 = Release|Any CPU
		{0ED2A4AA-57A2-4371-A687-8C59601D558A}.Debug|Any CPU.ActiveCfg = Debug|Any CPU
		{0ED2A4AA-57A2-4371-A687-8C59601D558A}.Debug|Any CPU.Build.0 = Debug|Any CPU
		{0ED2A4AA-57A2-4371-A687-8C59601D558A}.Debug|x64.ActiveCfg = Debug|Any CPU
		{0ED2A4AA-57A2-4371-A687-8C59601D558A}.Debug|x64.Build.0 = Debug|Any CPU
		{0ED2A4AA-57A2-4371-A687-8C59601D558A}.Debug|x86.ActiveCfg = Debug|Any CPU
		{0ED2A4AA-57A2-4371-A687-8C59601D558A}.Debug|x86.Build.0 = Debug|Any CPU
		{0ED2A4AA-57A2-4371-A687-8C59601D558A}.Release|Any CPU.ActiveCfg = Release|Any CPU
		{0ED2A4AA-57A2-4371-A687-8C59601D558A}.Release|Any CPU.Build.0 = Release|Any CPU
		{0ED2A4AA-57A2-4371-A687-8C59601D558A}.Release|x64.ActiveCfg = Release|Any CPU
		{0ED2A4AA-57A2-4371-A687-8C59601D558A}.Release|x64.Build.0 = Release|Any CPU
		{0ED2A4AA-57A2-4371-A687-8C59601D558A}.Release|x86.ActiveCfg = Release|Any CPU
		{0ED2A4AA-57A2-4371-A687-8C59601D558A}.Release|x86.Build.0 = Release|Any CPU
		{71F5C758-F05E-4162-9E34-ACBA00573BE6}.Debug|Any CPU.ActiveCfg = Debug|Any CPU
		{71F5C758-F05E-4162-9E34-ACBA00573BE6}.Debug|Any CPU.Build.0 = Debug|Any CPU
		{71F5C758-F05E-4162-9E34-ACBA00573BE6}.Debug|x64.ActiveCfg = Debug|Any CPU
		{71F5C758-F05E-4162-9E34-ACBA00573BE6}.Debug|x64.Build.0 = Debug|Any CPU
		{71F5C758-F05E-4162-9E34-ACBA00573BE6}.Debug|x86.ActiveCfg = Debug|Any CPU
		{71F5C758-F05E-4162-9E34-ACBA00573BE6}.Debug|x86.Build.0 = Debug|Any CPU
		{71F5C758-F05E-4162-9E34-ACBA00573BE6}.Release|Any CPU.ActiveCfg = Release|Any CPU
		{71F5C758-F05E-4162-9E34-ACBA00573BE6}.Release|Any CPU.Build.0 = Release|Any CPU
		{71F5C758-F05E-4162-9E34-ACBA00573BE6}.Release|x64.ActiveCfg = Release|Any CPU
		{71F5C758-F05E-4162-9E34-ACBA00573BE6}.Release|x64.Build.0 = Release|Any CPU
		{71F5C758-F05E-4162-9E34-ACBA00573BE6}.Release|x86.ActiveCfg = Release|Any CPU
		{71F5C758-F05E-4162-9E34-ACBA00573BE6}.Release|x86.Build.0 = Release|Any CPU
		{0278EE04-A967-41F7-97CF-34A1F813B4DF}.Debug|Any CPU.ActiveCfg = Debug|Any CPU
		{0278EE04-A967-41F7-97CF-34A1F813B4DF}.Debug|Any CPU.Build.0 = Debug|Any CPU
		{0278EE04-A967-41F7-97CF-34A1F813B4DF}.Debug|x64.ActiveCfg = Debug|Any CPU
		{0278EE04-A967-41F7-97CF-34A1F813B4DF}.Debug|x64.Build.0 = Debug|Any CPU
		{0278EE04-A967-41F7-97CF-34A1F813B4DF}.Debug|x86.ActiveCfg = Debug|Any CPU
		{0278EE04-A967-41F7-97CF-34A1F813B4DF}.Debug|x86.Build.0 = Debug|Any CPU
		{0278EE04-A967-41F7-97CF-34A1F813B4DF}.Release|Any CPU.ActiveCfg = Release|Any CPU
		{0278EE04-A967-41F7-97CF-34A1F813B4DF}.Release|Any CPU.Build.0 = Release|Any CPU
		{0278EE04-A967-41F7-97CF-34A1F813B4DF}.Release|x64.ActiveCfg = Release|Any CPU
		{0278EE04-A967-41F7-97CF-34A1F813B4DF}.Release|x64.Build.0 = Release|Any CPU
		{0278EE04-A967-41F7-97CF-34A1F813B4DF}.Release|x86.ActiveCfg = Release|Any CPU
		{0278EE04-A967-41F7-97CF-34A1F813B4DF}.Release|x86.Build.0 = Release|Any CPU
		{4A30A662-AC28-4B4B-B136-DF05C6183AC8}.Debug|Any CPU.ActiveCfg = Debug|Any CPU
		{4A30A662-AC28-4B4B-B136-DF05C6183AC8}.Debug|Any CPU.Build.0 = Debug|Any CPU
		{4A30A662-AC28-4B4B-B136-DF05C6183AC8}.Debug|x64.ActiveCfg = Debug|Any CPU
		{4A30A662-AC28-4B4B-B136-DF05C6183AC8}.Debug|x64.Build.0 = Debug|Any CPU
		{4A30A662-AC28-4B4B-B136-DF05C6183AC8}.Debug|x86.ActiveCfg = Debug|Any CPU
		{4A30A662-AC28-4B4B-B136-DF05C6183AC8}.Debug|x86.Build.0 = Debug|Any CPU
		{4A30A662-AC28-4B4B-B136-DF05C6183AC8}.Release|Any CPU.ActiveCfg = Release|Any CPU
		{4A30A662-AC28-4B4B-B136-DF05C6183AC8}.Release|Any CPU.Build.0 = Release|Any CPU
		{4A30A662-AC28-4B4B-B136-DF05C6183AC8}.Release|x64.ActiveCfg = Release|Any CPU
		{4A30A662-AC28-4B4B-B136-DF05C6183AC8}.Release|x64.Build.0 = Release|Any CPU
		{4A30A662-AC28-4B4B-B136-DF05C6183AC8}.Release|x86.ActiveCfg = Release|Any CPU
		{4A30A662-AC28-4B4B-B136-DF05C6183AC8}.Release|x86.Build.0 = Release|Any CPU
		{79F60E01-44BD-47B8-BBB7-2C8B79BFDB2A}.Debug|Any CPU.ActiveCfg = Debug|Any CPU
		{79F60E01-44BD-47B8-BBB7-2C8B79BFDB2A}.Debug|Any CPU.Build.0 = Debug|Any CPU
		{79F60E01-44BD-47B8-BBB7-2C8B79BFDB2A}.Debug|x64.ActiveCfg = Debug|Any CPU
		{79F60E01-44BD-47B8-BBB7-2C8B79BFDB2A}.Debug|x64.Build.0 = Debug|Any CPU
		{79F60E01-44BD-47B8-BBB7-2C8B79BFDB2A}.Debug|x86.ActiveCfg = Debug|Any CPU
		{79F60E01-44BD-47B8-BBB7-2C8B79BFDB2A}.Debug|x86.Build.0 = Debug|Any CPU
		{79F60E01-44BD-47B8-BBB7-2C8B79BFDB2A}.Release|Any CPU.ActiveCfg = Release|Any CPU
		{79F60E01-44BD-47B8-BBB7-2C8B79BFDB2A}.Release|Any CPU.Build.0 = Release|Any CPU
		{79F60E01-44BD-47B8-BBB7-2C8B79BFDB2A}.Release|x64.ActiveCfg = Release|Any CPU
		{79F60E01-44BD-47B8-BBB7-2C8B79BFDB2A}.Release|x64.Build.0 = Release|Any CPU
		{79F60E01-44BD-47B8-BBB7-2C8B79BFDB2A}.Release|x86.ActiveCfg = Release|Any CPU
		{79F60E01-44BD-47B8-BBB7-2C8B79BFDB2A}.Release|x86.Build.0 = Release|Any CPU
		{6E461625-2CB6-4F9C-8ABC-350DC6A6094F}.Debug|Any CPU.ActiveCfg = Debug|Any CPU
		{6E461625-2CB6-4F9C-8ABC-350DC6A6094F}.Debug|Any CPU.Build.0 = Debug|Any CPU
		{6E461625-2CB6-4F9C-8ABC-350DC6A6094F}.Debug|x64.ActiveCfg = Debug|Any CPU
		{6E461625-2CB6-4F9C-8ABC-350DC6A6094F}.Debug|x64.Build.0 = Debug|Any CPU
		{6E461625-2CB6-4F9C-8ABC-350DC6A6094F}.Debug|x86.ActiveCfg = Debug|Any CPU
		{6E461625-2CB6-4F9C-8ABC-350DC6A6094F}.Debug|x86.Build.0 = Debug|Any CPU
		{6E461625-2CB6-4F9C-8ABC-350DC6A6094F}.Release|Any CPU.ActiveCfg = Release|Any CPU
		{6E461625-2CB6-4F9C-8ABC-350DC6A6094F}.Release|Any CPU.Build.0 = Release|Any CPU
		{6E461625-2CB6-4F9C-8ABC-350DC6A6094F}.Release|x64.ActiveCfg = Release|Any CPU
		{6E461625-2CB6-4F9C-8ABC-350DC6A6094F}.Release|x64.Build.0 = Release|Any CPU
		{6E461625-2CB6-4F9C-8ABC-350DC6A6094F}.Release|x86.ActiveCfg = Release|Any CPU
		{6E461625-2CB6-4F9C-8ABC-350DC6A6094F}.Release|x86.Build.0 = Release|Any CPU
		{68AFB81B-7867-4709-B73A-6D41ED06CB3A}.Debug|Any CPU.ActiveCfg = Debug|Any CPU
		{68AFB81B-7867-4709-B73A-6D41ED06CB3A}.Debug|Any CPU.Build.0 = Debug|Any CPU
		{68AFB81B-7867-4709-B73A-6D41ED06CB3A}.Debug|x64.ActiveCfg = Debug|Any CPU
		{68AFB81B-7867-4709-B73A-6D41ED06CB3A}.Debug|x64.Build.0 = Debug|Any CPU
		{68AFB81B-7867-4709-B73A-6D41ED06CB3A}.Debug|x86.ActiveCfg = Debug|Any CPU
		{68AFB81B-7867-4709-B73A-6D41ED06CB3A}.Debug|x86.Build.0 = Debug|Any CPU
		{68AFB81B-7867-4709-B73A-6D41ED06CB3A}.Release|Any CPU.ActiveCfg = Release|Any CPU
		{68AFB81B-7867-4709-B73A-6D41ED06CB3A}.Release|Any CPU.Build.0 = Release|Any CPU
		{68AFB81B-7867-4709-B73A-6D41ED06CB3A}.Release|x64.ActiveCfg = Release|Any CPU
		{68AFB81B-7867-4709-B73A-6D41ED06CB3A}.Release|x64.Build.0 = Release|Any CPU
		{68AFB81B-7867-4709-B73A-6D41ED06CB3A}.Release|x86.ActiveCfg = Release|Any CPU
		{68AFB81B-7867-4709-B73A-6D41ED06CB3A}.Release|x86.Build.0 = Release|Any CPU
		{E915ABDC-9AF8-45FA-91A0-16F3832A020B}.Debug|Any CPU.ActiveCfg = Debug|Any CPU
		{E915ABDC-9AF8-45FA-91A0-16F3832A020B}.Debug|Any CPU.Build.0 = Debug|Any CPU
		{E915ABDC-9AF8-45FA-91A0-16F3832A020B}.Debug|x64.ActiveCfg = Debug|Any CPU
		{E915ABDC-9AF8-45FA-91A0-16F3832A020B}.Debug|x64.Build.0 = Debug|Any CPU
		{E915ABDC-9AF8-45FA-91A0-16F3832A020B}.Debug|x86.ActiveCfg = Debug|Any CPU
		{E915ABDC-9AF8-45FA-91A0-16F3832A020B}.Debug|x86.Build.0 = Debug|Any CPU
		{E915ABDC-9AF8-45FA-91A0-16F3832A020B}.Release|Any CPU.ActiveCfg = Release|Any CPU
		{E915ABDC-9AF8-45FA-91A0-16F3832A020B}.Release|Any CPU.Build.0 = Release|Any CPU
		{E915ABDC-9AF8-45FA-91A0-16F3832A020B}.Release|x64.ActiveCfg = Release|Any CPU
		{E915ABDC-9AF8-45FA-91A0-16F3832A020B}.Release|x64.Build.0 = Release|Any CPU
		{E915ABDC-9AF8-45FA-91A0-16F3832A020B}.Release|x86.ActiveCfg = Release|Any CPU
		{E915ABDC-9AF8-45FA-91A0-16F3832A020B}.Release|x86.Build.0 = Release|Any CPU
		{08F8EE23-E0E8-4842-97CB-E2E84599C883}.Debug|Any CPU.ActiveCfg = Debug|Any CPU
		{08F8EE23-E0E8-4842-97CB-E2E84599C883}.Debug|Any CPU.Build.0 = Debug|Any CPU
		{08F8EE23-E0E8-4842-97CB-E2E84599C883}.Debug|x64.ActiveCfg = Debug|Any CPU
		{08F8EE23-E0E8-4842-97CB-E2E84599C883}.Debug|x64.Build.0 = Debug|Any CPU
		{08F8EE23-E0E8-4842-97CB-E2E84599C883}.Debug|x86.ActiveCfg = Debug|Any CPU
		{08F8EE23-E0E8-4842-97CB-E2E84599C883}.Debug|x86.Build.0 = Debug|Any CPU
		{08F8EE23-E0E8-4842-97CB-E2E84599C883}.Release|Any CPU.ActiveCfg = Release|Any CPU
		{08F8EE23-E0E8-4842-97CB-E2E84599C883}.Release|Any CPU.Build.0 = Release|Any CPU
		{08F8EE23-E0E8-4842-97CB-E2E84599C883}.Release|x64.ActiveCfg = Release|Any CPU
		{08F8EE23-E0E8-4842-97CB-E2E84599C883}.Release|x64.Build.0 = Release|Any CPU
		{08F8EE23-E0E8-4842-97CB-E2E84599C883}.Release|x86.ActiveCfg = Release|Any CPU
		{08F8EE23-E0E8-4842-97CB-E2E84599C883}.Release|x86.Build.0 = Release|Any CPU
		{73CDC704-BFFC-4B0F-989F-607089445527}.Debug|Any CPU.ActiveCfg = Debug|Any CPU
		{73CDC704-BFFC-4B0F-989F-607089445527}.Debug|Any CPU.Build.0 = Debug|Any CPU
		{73CDC704-BFFC-4B0F-989F-607089445527}.Debug|x64.ActiveCfg = Debug|Any CPU
		{73CDC704-BFFC-4B0F-989F-607089445527}.Debug|x64.Build.0 = Debug|Any CPU
		{73CDC704-BFFC-4B0F-989F-607089445527}.Debug|x86.ActiveCfg = Debug|Any CPU
		{73CDC704-BFFC-4B0F-989F-607089445527}.Debug|x86.Build.0 = Debug|Any CPU
		{73CDC704-BFFC-4B0F-989F-607089445527}.Release|Any CPU.ActiveCfg = Release|Any CPU
		{73CDC704-BFFC-4B0F-989F-607089445527}.Release|Any CPU.Build.0 = Release|Any CPU
		{73CDC704-BFFC-4B0F-989F-607089445527}.Release|x64.ActiveCfg = Release|Any CPU
		{73CDC704-BFFC-4B0F-989F-607089445527}.Release|x64.Build.0 = Release|Any CPU
		{73CDC704-BFFC-4B0F-989F-607089445527}.Release|x86.ActiveCfg = Release|Any CPU
		{73CDC704-BFFC-4B0F-989F-607089445527}.Release|x86.Build.0 = Release|Any CPU
		{6EF5E92F-D841-42AB-841E-28AA56D2905B}.Debug|Any CPU.ActiveCfg = Debug|Any CPU
		{6EF5E92F-D841-42AB-841E-28AA56D2905B}.Debug|Any CPU.Build.0 = Debug|Any CPU
		{6EF5E92F-D841-42AB-841E-28AA56D2905B}.Debug|x64.ActiveCfg = Debug|Any CPU
		{6EF5E92F-D841-42AB-841E-28AA56D2905B}.Debug|x64.Build.0 = Debug|Any CPU
		{6EF5E92F-D841-42AB-841E-28AA56D2905B}.Debug|x86.ActiveCfg = Debug|Any CPU
		{6EF5E92F-D841-42AB-841E-28AA56D2905B}.Debug|x86.Build.0 = Debug|Any CPU
		{6EF5E92F-D841-42AB-841E-28AA56D2905B}.Release|Any CPU.ActiveCfg = Release|Any CPU
		{6EF5E92F-D841-42AB-841E-28AA56D2905B}.Release|Any CPU.Build.0 = Release|Any CPU
		{6EF5E92F-D841-42AB-841E-28AA56D2905B}.Release|x64.ActiveCfg = Release|Any CPU
		{6EF5E92F-D841-42AB-841E-28AA56D2905B}.Release|x64.Build.0 = Release|Any CPU
		{6EF5E92F-D841-42AB-841E-28AA56D2905B}.Release|x86.ActiveCfg = Release|Any CPU
		{6EF5E92F-D841-42AB-841E-28AA56D2905B}.Release|x86.Build.0 = Release|Any CPU
		{5D57BCBD-693F-4353-9473-57B08A53A601}.Debug|Any CPU.ActiveCfg = Debug|Any CPU
		{5D57BCBD-693F-4353-9473-57B08A53A601}.Debug|Any CPU.Build.0 = Debug|Any CPU
		{5D57BCBD-693F-4353-9473-57B08A53A601}.Debug|x64.ActiveCfg = Debug|Any CPU
		{5D57BCBD-693F-4353-9473-57B08A53A601}.Debug|x64.Build.0 = Debug|Any CPU
		{5D57BCBD-693F-4353-9473-57B08A53A601}.Debug|x86.ActiveCfg = Debug|Any CPU
		{5D57BCBD-693F-4353-9473-57B08A53A601}.Debug|x86.Build.0 = Debug|Any CPU
		{5D57BCBD-693F-4353-9473-57B08A53A601}.Release|Any CPU.ActiveCfg = Release|Any CPU
		{5D57BCBD-693F-4353-9473-57B08A53A601}.Release|Any CPU.Build.0 = Release|Any CPU
		{5D57BCBD-693F-4353-9473-57B08A53A601}.Release|x64.ActiveCfg = Release|Any CPU
		{5D57BCBD-693F-4353-9473-57B08A53A601}.Release|x64.Build.0 = Release|Any CPU
		{5D57BCBD-693F-4353-9473-57B08A53A601}.Release|x86.ActiveCfg = Release|Any CPU
		{5D57BCBD-693F-4353-9473-57B08A53A601}.Release|x86.Build.0 = Release|Any CPU
	EndGlobalSection
	GlobalSection(SolutionProperties) = preSolution
		HideSolutionNode = FALSE
	EndGlobalSection
	GlobalSection(NestedProjects) = preSolution
		{99B12564-335D-4521-B25B-EFE593F3A184} = {827E0CD3-B72D-47B6-A68D-7590B98EB39B}
		{1C0AC0CC-B2BB-4F26-97E4-2A7E528E97DB} = {827E0CD3-B72D-47B6-A68D-7590B98EB39B}
		{C4A2FC45-168A-477D-80A7-C3CBE90F642E} = {827E0CD3-B72D-47B6-A68D-7590B98EB39B}
		{AF615A44-10BA-46CB-98C2-54AF35258B5B} = {827E0CD3-B72D-47B6-A68D-7590B98EB39B}
		{DC9913A3-68CD-45F1-A56B-98B1A7817B02} = {827E0CD3-B72D-47B6-A68D-7590B98EB39B}
		{BEF5CA9B-55D3-4708-9F05-B0FEFA961ED0} = {827E0CD3-B72D-47B6-A68D-7590B98EB39B}
		{5EA4AC24-C68D-41B8-AAFF-F2D83C4E1697} = {827E0CD3-B72D-47B6-A68D-7590B98EB39B}
		{7D64F261-30B1-47BF-8C68-EA8F66A1B559} = {827E0CD3-B72D-47B6-A68D-7590B98EB39B}
		{C970A2C3-BD54-44FB-83D4-6C9E603476B5} = {827E0CD3-B72D-47B6-A68D-7590B98EB39B}
		{30F0D97E-BCB8-4627-89CC-24DF1A6E65C3} = {827E0CD3-B72D-47B6-A68D-7590B98EB39B}
		{9A747D7A-2783-475E-A428-CC7FA041B90D} = {827E0CD3-B72D-47B6-A68D-7590B98EB39B}
		{F9AC1342-E767-49F5-8995-351EA2B5AE7E} = {827E0CD3-B72D-47B6-A68D-7590B98EB39B}
		{1E83480D-3E01-4A1B-AE76-77FCD85B2BF4} = {827E0CD3-B72D-47B6-A68D-7590B98EB39B}
		{3F1AC418-7CCB-449C-9442-2DBED8EFBEDA} = {827E0CD3-B72D-47B6-A68D-7590B98EB39B}
		{458B68E1-F47A-44F2-B9B5-64833F1D7F42} = {827E0CD3-B72D-47B6-A68D-7590B98EB39B}
		{0864BECB-74FA-4293-A413-5BD0BB7860C5} = {0AB3BF05-4346-4AA6-1389-037BE0695223}
		{1A3A215A-4E68-4680-823B-5EF22C220C45} = {0AB3BF05-4346-4AA6-1389-037BE0695223}
		{6EF9AACE-38F7-4CC2-A67A-CA91B473398C} = {0AB3BF05-4346-4AA6-1389-037BE0695223}
		{0ED2A4AA-57A2-4371-A687-8C59601D558A} = {0AB3BF05-4346-4AA6-1389-037BE0695223}
		{71F5C758-F05E-4162-9E34-ACBA00573BE6} = {0AB3BF05-4346-4AA6-1389-037BE0695223}
		{0278EE04-A967-41F7-97CF-34A1F813B4DF} = {0AB3BF05-4346-4AA6-1389-037BE0695223}
		{4A30A662-AC28-4B4B-B136-DF05C6183AC8} = {0AB3BF05-4346-4AA6-1389-037BE0695223}
		{79F60E01-44BD-47B8-BBB7-2C8B79BFDB2A} = {0AB3BF05-4346-4AA6-1389-037BE0695223}
		{6E461625-2CB6-4F9C-8ABC-350DC6A6094F} = {0AB3BF05-4346-4AA6-1389-037BE0695223}
		{68AFB81B-7867-4709-B73A-6D41ED06CB3A} = {0AB3BF05-4346-4AA6-1389-037BE0695223}
		{E915ABDC-9AF8-45FA-91A0-16F3832A020B} = {0AB3BF05-4346-4AA6-1389-037BE0695223}
		{08F8EE23-E0E8-4842-97CB-E2E84599C883} = {0AB3BF05-4346-4AA6-1389-037BE0695223}
		{73CDC704-BFFC-4B0F-989F-607089445527} = {0AB3BF05-4346-4AA6-1389-037BE0695223}
		{6EF5E92F-D841-42AB-841E-28AA56D2905B} = {B36A84DF-456D-A817-6EDD-3EC3E7F6E11F}
		{5D57BCBD-693F-4353-9473-57B08A53A601} = {B36A84DF-456D-A817-6EDD-3EC3E7F6E11F}
	EndGlobalSection
EndGlobal
