
Microsoft Visual Studio Solution File, Format Version 12.00
# Visual Studio Version 17
VisualStudioVersion = 17.0.31903.59
MinimumVisualStudioVersion = 10.0.40219.1
Project("{2150E333-8FDC-42A3-9474-1A3956D46DE8}") = "src", "src", "{827E0CD3-B72D-47B6-A68D-7590B98EB39B}"
EndProject
Project("{FAE04EC0-301F-11D3-BF4B-00C04F79EFBC}") = "Andy.Tui.Examples", "examples\Andy.Tui.Examples\Andy.Tui.Examples.csproj", "{B3E0A1E0-6E9C-4B3B-A3C2-2A0C8509B8C7}"
EndProject
Project("{FAE04EC0-301F-11D3-BF4B-00C04F79EFBC}") = "Andy.Tui.Animations", "src\Andy.Tui.Animations\Andy.Tui.Animations.csproj", "{3B410856-6803-476B-A5AE-A64E008AE8ED}"
EndProject
Project("{FAE04EC0-301F-11D3-BF4B-00C04F79EFBC}") = "Andy.Tui.Backend.Native", "src\Andy.Tui.Backend.Native\Andy.Tui.Backend.Native.csproj", "{44B364BF-CC96-4C2E-917F-1FCE002BDFA7}"
EndProject
Project("{FAE04EC0-301F-11D3-BF4B-00C04F79EFBC}") = "Andy.Tui.Backend.Terminal", "src\Andy.Tui.Backend.Terminal\Andy.Tui.Backend.Terminal.csproj", "{0A84F48A-DC57-4887-A8E1-259879E5C7A9}"
EndProject
Project("{FAE04EC0-301F-11D3-BF4B-00C04F79EFBC}") = "Andy.Tui.Backend.Web", "src\Andy.Tui.Backend.Web\Andy.Tui.Backend.Web.csproj", "{527CCA85-6C5E-40AD-88B7-962FC0CFC785}"
EndProject
Project("{FAE04EC0-301F-11D3-BF4B-00C04F79EFBC}") = "Andy.Tui.Compose", "src\Andy.Tui.Compose\Andy.Tui.Compose.csproj", "{51080DF8-8CC4-457B-BD3A-A62C3448DD2F}"
EndProject
Project("{FAE04EC0-301F-11D3-BF4B-00C04F79EFBC}") = "Andy.Tui.Compositor", "src\Andy.Tui.Compositor\Andy.Tui.Compositor.csproj", "{8549D05B-7C1F-4669-A6AE-619295068514}"
EndProject
Project("{FAE04EC0-301F-11D3-BF4B-00C04F79EFBC}") = "Andy.Tui.Core", "src\Andy.Tui.Core\Andy.Tui.Core.csproj", "{A2A16336-3C80-47EA-8787-099932D09561}"
EndProject
Project("{FAE04EC0-301F-11D3-BF4B-00C04F79EFBC}") = "Andy.Tui.DisplayList", "src\Andy.Tui.DisplayList\Andy.Tui.DisplayList.csproj", "{A117CA77-12E6-4AC4-9F27-75DAAEBD5F60}"
EndProject
Project("{FAE04EC0-301F-11D3-BF4B-00C04F79EFBC}") = "Andy.Tui.Input", "src\Andy.Tui.Input\Andy.Tui.Input.csproj", "{57289E53-6376-4E6B-A727-AC96263D1D60}"
EndProject
Project("{FAE04EC0-301F-11D3-BF4B-00C04F79EFBC}") = "Andy.Tui.Layout", "src\Andy.Tui.Layout\Andy.Tui.Layout.csproj", "{AB823E87-C580-444B-BFC9-D77DFDE01B0C}"
EndProject
Project("{FAE04EC0-301F-11D3-BF4B-00C04F79EFBC}") = "Andy.Tui.Observability", "src\Andy.Tui.Observability\Andy.Tui.Observability.csproj", "{399EE247-7965-4D66-93C0-F4B3515A2D74}"
EndProject
Project("{FAE04EC0-301F-11D3-BF4B-00C04F79EFBC}") = "Andy.Tui.Style", "src\Andy.Tui.Style\Andy.Tui.Style.csproj", "{7A866174-A82E-404D-92A6-CDC793E0B303}"
EndProject
Project("{FAE04EC0-301F-11D3-BF4B-00C04F79EFBC}") = "Andy.Tui.Text", "src\Andy.Tui.Text\Andy.Tui.Text.csproj", "{C6BBDEDD-F125-4035-982E-396D30D5F8A0}"
EndProject
Project("{FAE04EC0-301F-11D3-BF4B-00C04F79EFBC}") = "Andy.Tui.Virtualization", "src\Andy.Tui.Virtualization\Andy.Tui.Virtualization.csproj", "{343C0D4E-E82B-48E4-9C9F-A86A728BB89F}"
EndProject
Project("{FAE04EC0-301F-11D3-BF4B-00C04F79EFBC}") = "Andy.Tui.Widgets", "src\Andy.Tui.Widgets\Andy.Tui.Widgets.csproj", "{3B21D644-475F-402D-A375-A123083F45B4}"
EndProject
Project("{FAE04EC0-301F-11D3-BF4B-00C04F79EFBC}") = "Andy.Tui.Animations.Tests", "tests\Andy.Tui.Animations.Tests\Andy.Tui.Animations.Tests.csproj", "{CBB64053-930A-41E3-BFA5-18060BACEDFF}"
EndProject
Project("{FAE04EC0-301F-11D3-BF4B-00C04F79EFBC}") = "Andy.Tui.Compose.Tests", "tests\Andy.Tui.Compose.Tests\Andy.Tui.Compose.Tests.csproj", "{F3E21F43-4F3B-4409-8395-05874D80EF53}"
EndProject
Project("{FAE04EC0-301F-11D3-BF4B-00C04F79EFBC}") = "Andy.Tui.Core.Tests", "tests\Andy.Tui.Core.Tests\Andy.Tui.Core.Tests.csproj", "{A2F220CA-899A-46FC-8F38-EA9B8FBFE2FF}"
EndProject
Project("{FAE04EC0-301F-11D3-BF4B-00C04F79EFBC}") = "Andy.Tui.Input.Tests", "tests\Andy.Tui.Input.Tests\Andy.Tui.Input.Tests.csproj", "{7C9A62CE-3FF1-4103-B65E-EFA44C27CE54}"
EndProject
Project("{FAE04EC0-301F-11D3-BF4B-00C04F79EFBC}") = "Andy.Tui.Layout.Tests", "tests\Andy.Tui.Layout.Tests\Andy.Tui.Layout.Tests.csproj", "{1D88642B-DA4A-49AB-B881-4DAFB7EBCF00}"
EndProject
Project("{FAE04EC0-301F-11D3-BF4B-00C04F79EFBC}") = "Andy.Tui.Observability.Tests", "tests\Andy.Tui.Observability.Tests\Andy.Tui.Observability.Tests.csproj", "{C9A8B9C9-90C7-4879-B1C6-EDE24AE9A56B}"
EndProject
Project("{FAE04EC0-301F-11D3-BF4B-00C04F79EFBC}") = "Andy.Tui.Rendering.Tests", "tests\Andy.Tui.Rendering.Tests\Andy.Tui.Rendering.Tests.csproj", "{4D4A59E8-F173-4CBC-8BC4-577826FEF6C9}"
EndProject
Project("{FAE04EC0-301F-11D3-BF4B-00C04F79EFBC}") = "Andy.Tui.Style.Tests", "tests\Andy.Tui.Style.Tests\Andy.Tui.Style.Tests.csproj", "{F697E7D1-BCE0-4136-84A0-9D6209BA3B99}"
EndProject
Project("{FAE04EC0-301F-11D3-BF4B-00C04F79EFBC}") = "Andy.Tui.Text.Tests", "tests\Andy.Tui.Text.Tests\Andy.Tui.Text.Tests.csproj", "{EF8D5636-9C34-4EAC-8350-1A06BB57427F}"
EndProject
Project("{FAE04EC0-301F-11D3-BF4B-00C04F79EFBC}") = "Andy.Tui.Virtualization.Tests", "tests\Andy.Tui.Virtualization.Tests\Andy.Tui.Virtualization.Tests.csproj", "{7BA36912-0546-4F97-8349-323557DDD3BC}"
EndProject
Project("{FAE04EC0-301F-11D3-BF4B-00C04F79EFBC}") = "Andy.Tui.Widgets.Tests", "tests\Andy.Tui.Widgets.Tests\Andy.Tui.Widgets.Tests.csproj", "{0128F35B-57F2-48FC-9F59-9D65000F3E74}"
EndProject
Project("{FAE04EC0-301F-11D3-BF4B-00C04F79EFBC}") = "Andy.Tui", "src\Andy.Tui\Andy.Tui.csproj", "{FFFD0B0A-C786-4BA3-BBF1-EC54A60EE331}"
EndProject
Project("{2150E333-8FDC-42A3-9474-1A3956D46DE8}") = "Andy.Tui", "Andy.Tui", "{C0B1E533-6E4B-4758-857F-3FBE579A3D07}"
EndProject
Project("{2150E333-8FDC-42A3-9474-1A3956D46DE8}") = "Tests", "Tests", "{827BD35E-EC1E-4E3C-964B-0BF3986358A8}"
EndProject
Project("{FAE04EC0-301F-11D3-BF4B-00C04F79EFBC}") = "Andy.Tui.Parity.Playwright", "tests\Andy.Tui.Parity.Playwright\Andy.Tui.Parity.Playwright.csproj", "{C17C80F4-455B-4A27-B86E-4C36D0FF1933}"
EndProject
Project("{2150E333-8FDC-42A3-9474-1A3956D46DE8}") = "tests", "tests", "{0AB3BF05-4346-4AA6-1389-037BE0695223}"
EndProject
Project("{2150E333-8FDC-42A3-9474-1A3956D46DE8}") = "examples", "examples", "{F51AD82A-0B86-41AD-82E8-E4FD4EFDC459}"
EndProject
Project("{FAE04EC0-301F-11D3-BF4B-00C04F79EFBC}") = "Andy.Tui.Examples", "examples\Andy.Tui.Examples\Andy.Tui.Examples.csproj", "{5DA1C9C1-ED05-4BEF-B28B-7502500FABFC}"
EndProject
Global
	GlobalSection(SolutionConfigurationPlatforms) = preSolution
		Debug|Any CPU = Debug|Any CPU
		Debug|x64 = Debug|x64
		Debug|x86 = Debug|x86
		Release|Any CPU = Release|Any CPU
		Release|x64 = Release|x64
		Release|x86 = Release|x86
	EndGlobalSection
	GlobalSection(ProjectConfigurationPlatforms) = postSolution
		{3B410856-6803-476B-A5AE-A64E008AE8ED}.Debug|Any CPU.ActiveCfg = Debug|Any CPU
		{3B410856-6803-476B-A5AE-A64E008AE8ED}.Debug|Any CPU.Build.0 = Debug|Any CPU
		{3B410856-6803-476B-A5AE-A64E008AE8ED}.Debug|x64.ActiveCfg = Debug|Any CPU
		{3B410856-6803-476B-A5AE-A64E008AE8ED}.Debug|x64.Build.0 = Debug|Any CPU
		{3B410856-6803-476B-A5AE-A64E008AE8ED}.Debug|x86.ActiveCfg = Debug|Any CPU
		{3B410856-6803-476B-A5AE-A64E008AE8ED}.Debug|x86.Build.0 = Debug|Any CPU
		{3B410856-6803-476B-A5AE-A64E008AE8ED}.Release|Any CPU.ActiveCfg = Release|Any CPU
		{3B410856-6803-476B-A5AE-A64E008AE8ED}.Release|Any CPU.Build.0 = Release|Any CPU
		{3B410856-6803-476B-A5AE-A64E008AE8ED}.Release|x64.ActiveCfg = Release|Any CPU
		{3B410856-6803-476B-A5AE-A64E008AE8ED}.Release|x64.Build.0 = Release|Any CPU
		{3B410856-6803-476B-A5AE-A64E008AE8ED}.Release|x86.ActiveCfg = Release|Any CPU
		{3B410856-6803-476B-A5AE-A64E008AE8ED}.Release|x86.Build.0 = Release|Any CPU
		{44B364BF-CC96-4C2E-917F-1FCE002BDFA7}.Debug|Any CPU.ActiveCfg = Debug|Any CPU
		{44B364BF-CC96-4C2E-917F-1FCE002BDFA7}.Debug|Any CPU.Build.0 = Debug|Any CPU
		{44B364BF-CC96-4C2E-917F-1FCE002BDFA7}.Debug|x64.ActiveCfg = Debug|Any CPU
		{44B364BF-CC96-4C2E-917F-1FCE002BDFA7}.Debug|x64.Build.0 = Debug|Any CPU
		{44B364BF-CC96-4C2E-917F-1FCE002BDFA7}.Debug|x86.ActiveCfg = Debug|Any CPU
		{44B364BF-CC96-4C2E-917F-1FCE002BDFA7}.Debug|x86.Build.0 = Debug|Any CPU
		{44B364BF-CC96-4C2E-917F-1FCE002BDFA7}.Release|Any CPU.ActiveCfg = Release|Any CPU
		{44B364BF-CC96-4C2E-917F-1FCE002BDFA7}.Release|Any CPU.Build.0 = Release|Any CPU
		{44B364BF-CC96-4C2E-917F-1FCE002BDFA7}.Release|x64.ActiveCfg = Release|Any CPU
		{44B364BF-CC96-4C2E-917F-1FCE002BDFA7}.Release|x64.Build.0 = Release|Any CPU
		{44B364BF-CC96-4C2E-917F-1FCE002BDFA7}.Release|x86.ActiveCfg = Release|Any CPU
		{44B364BF-CC96-4C2E-917F-1FCE002BDFA7}.Release|x86.Build.0 = Release|Any CPU
		{0A84F48A-DC57-4887-A8E1-259879E5C7A9}.Debug|Any CPU.ActiveCfg = Debug|Any CPU
		{0A84F48A-DC57-4887-A8E1-259879E5C7A9}.Debug|Any CPU.Build.0 = Debug|Any CPU
		{0A84F48A-DC57-4887-A8E1-259879E5C7A9}.Debug|x64.ActiveCfg = Debug|Any CPU
		{0A84F48A-DC57-4887-A8E1-259879E5C7A9}.Debug|x64.Build.0 = Debug|Any CPU
		{0A84F48A-DC57-4887-A8E1-259879E5C7A9}.Debug|x86.ActiveCfg = Debug|Any CPU
		{0A84F48A-DC57-4887-A8E1-259879E5C7A9}.Debug|x86.Build.0 = Debug|Any CPU
		{0A84F48A-DC57-4887-A8E1-259879E5C7A9}.Release|Any CPU.ActiveCfg = Release|Any CPU
		{0A84F48A-DC57-4887-A8E1-259879E5C7A9}.Release|Any CPU.Build.0 = Release|Any CPU
		{0A84F48A-DC57-4887-A8E1-259879E5C7A9}.Release|x64.ActiveCfg = Release|Any CPU
		{0A84F48A-DC57-4887-A8E1-259879E5C7A9}.Release|x64.Build.0 = Release|Any CPU
		{0A84F48A-DC57-4887-A8E1-259879E5C7A9}.Release|x86.ActiveCfg = Release|Any CPU
		{0A84F48A-DC57-4887-A8E1-259879E5C7A9}.Release|x86.Build.0 = Release|Any CPU
		{527CCA85-6C5E-40AD-88B7-962FC0CFC785}.Debug|Any CPU.ActiveCfg = Debug|Any CPU
		{527CCA85-6C5E-40AD-88B7-962FC0CFC785}.Debug|Any CPU.Build.0 = Debug|Any CPU
		{527CCA85-6C5E-40AD-88B7-962FC0CFC785}.Debug|x64.ActiveCfg = Debug|Any CPU
		{527CCA85-6C5E-40AD-88B7-962FC0CFC785}.Debug|x64.Build.0 = Debug|Any CPU
		{527CCA85-6C5E-40AD-88B7-962FC0CFC785}.Debug|x86.ActiveCfg = Debug|Any CPU
		{527CCA85-6C5E-40AD-88B7-962FC0CFC785}.Debug|x86.Build.0 = Debug|Any CPU
		{527CCA85-6C5E-40AD-88B7-962FC0CFC785}.Release|Any CPU.ActiveCfg = Release|Any CPU
		{527CCA85-6C5E-40AD-88B7-962FC0CFC785}.Release|Any CPU.Build.0 = Release|Any CPU
		{527CCA85-6C5E-40AD-88B7-962FC0CFC785}.Release|x64.ActiveCfg = Release|Any CPU
		{527CCA85-6C5E-40AD-88B7-962FC0CFC785}.Release|x64.Build.0 = Release|Any CPU
		{527CCA85-6C5E-40AD-88B7-962FC0CFC785}.Release|x86.ActiveCfg = Release|Any CPU
		{527CCA85-6C5E-40AD-88B7-962FC0CFC785}.Release|x86.Build.0 = Release|Any CPU
		{51080DF8-8CC4-457B-BD3A-A62C3448DD2F}.Debug|Any CPU.ActiveCfg = Debug|Any CPU
		{51080DF8-8CC4-457B-BD3A-A62C3448DD2F}.Debug|Any CPU.Build.0 = Debug|Any CPU
		{51080DF8-8CC4-457B-BD3A-A62C3448DD2F}.Debug|x64.ActiveCfg = Debug|Any CPU
		{51080DF8-8CC4-457B-BD3A-A62C3448DD2F}.Debug|x64.Build.0 = Debug|Any CPU
		{51080DF8-8CC4-457B-BD3A-A62C3448DD2F}.Debug|x86.ActiveCfg = Debug|Any CPU
		{51080DF8-8CC4-457B-BD3A-A62C3448DD2F}.Debug|x86.Build.0 = Debug|Any CPU
		{51080DF8-8CC4-457B-BD3A-A62C3448DD2F}.Release|Any CPU.ActiveCfg = Release|Any CPU
		{51080DF8-8CC4-457B-BD3A-A62C3448DD2F}.Release|Any CPU.Build.0 = Release|Any CPU
		{51080DF8-8CC4-457B-BD3A-A62C3448DD2F}.Release|x64.ActiveCfg = Release|Any CPU
		{51080DF8-8CC4-457B-BD3A-A62C3448DD2F}.Release|x64.Build.0 = Release|Any CPU
		{51080DF8-8CC4-457B-BD3A-A62C3448DD2F}.Release|x86.ActiveCfg = Release|Any CPU
		{51080DF8-8CC4-457B-BD3A-A62C3448DD2F}.Release|x86.Build.0 = Release|Any CPU
		{8549D05B-7C1F-4669-A6AE-619295068514}.Debug|Any CPU.ActiveCfg = Debug|Any CPU
		{8549D05B-7C1F-4669-A6AE-619295068514}.Debug|Any CPU.Build.0 = Debug|Any CPU
		{8549D05B-7C1F-4669-A6AE-619295068514}.Debug|x64.ActiveCfg = Debug|Any CPU
		{8549D05B-7C1F-4669-A6AE-619295068514}.Debug|x64.Build.0 = Debug|Any CPU
		{8549D05B-7C1F-4669-A6AE-619295068514}.Debug|x86.ActiveCfg = Debug|Any CPU
		{8549D05B-7C1F-4669-A6AE-619295068514}.Debug|x86.Build.0 = Debug|Any CPU
		{8549D05B-7C1F-4669-A6AE-619295068514}.Release|Any CPU.ActiveCfg = Release|Any CPU
		{8549D05B-7C1F-4669-A6AE-619295068514}.Release|Any CPU.Build.0 = Release|Any CPU
		{8549D05B-7C1F-4669-A6AE-619295068514}.Release|x64.ActiveCfg = Release|Any CPU
		{8549D05B-7C1F-4669-A6AE-619295068514}.Release|x64.Build.0 = Release|Any CPU
		{8549D05B-7C1F-4669-A6AE-619295068514}.Release|x86.ActiveCfg = Release|Any CPU
		{8549D05B-7C1F-4669-A6AE-619295068514}.Release|x86.Build.0 = Release|Any CPU
		{A2A16336-3C80-47EA-8787-099932D09561}.Debug|Any CPU.ActiveCfg = Debug|Any CPU
		{A2A16336-3C80-47EA-8787-099932D09561}.Debug|Any CPU.Build.0 = Debug|Any CPU
		{A2A16336-3C80-47EA-8787-099932D09561}.Debug|x64.ActiveCfg = Debug|Any CPU
		{A2A16336-3C80-47EA-8787-099932D09561}.Debug|x64.Build.0 = Debug|Any CPU
		{A2A16336-3C80-47EA-8787-099932D09561}.Debug|x86.ActiveCfg = Debug|Any CPU
		{A2A16336-3C80-47EA-8787-099932D09561}.Debug|x86.Build.0 = Debug|Any CPU
		{A2A16336-3C80-47EA-8787-099932D09561}.Release|Any CPU.ActiveCfg = Release|Any CPU
		{A2A16336-3C80-47EA-8787-099932D09561}.Release|Any CPU.Build.0 = Release|Any CPU
		{A2A16336-3C80-47EA-8787-099932D09561}.Release|x64.ActiveCfg = Release|Any CPU
		{A2A16336-3C80-47EA-8787-099932D09561}.Release|x64.Build.0 = Release|Any CPU
		{A2A16336-3C80-47EA-8787-099932D09561}.Release|x86.ActiveCfg = Release|Any CPU
		{A2A16336-3C80-47EA-8787-099932D09561}.Release|x86.Build.0 = Release|Any CPU
		{A117CA77-12E6-4AC4-9F27-75DAAEBD5F60}.Debug|Any CPU.ActiveCfg = Debug|Any CPU
		{A117CA77-12E6-4AC4-9F27-75DAAEBD5F60}.Debug|Any CPU.Build.0 = Debug|Any CPU
		{A117CA77-12E6-4AC4-9F27-75DAAEBD5F60}.Debug|x64.ActiveCfg = Debug|Any CPU
		{A117CA77-12E6-4AC4-9F27-75DAAEBD5F60}.Debug|x64.Build.0 = Debug|Any CPU
		{A117CA77-12E6-4AC4-9F27-75DAAEBD5F60}.Debug|x86.ActiveCfg = Debug|Any CPU
		{A117CA77-12E6-4AC4-9F27-75DAAEBD5F60}.Debug|x86.Build.0 = Debug|Any CPU
		{A117CA77-12E6-4AC4-9F27-75DAAEBD5F60}.Release|Any CPU.ActiveCfg = Release|Any CPU
		{A117CA77-12E6-4AC4-9F27-75DAAEBD5F60}.Release|Any CPU.Build.0 = Release|Any CPU
		{A117CA77-12E6-4AC4-9F27-75DAAEBD5F60}.Release|x64.ActiveCfg = Release|Any CPU
		{A117CA77-12E6-4AC4-9F27-75DAAEBD5F60}.Release|x64.Build.0 = Release|Any CPU
		{A117CA77-12E6-4AC4-9F27-75DAAEBD5F60}.Release|x86.ActiveCfg = Release|Any CPU
		{A117CA77-12E6-4AC4-9F27-75DAAEBD5F60}.Release|x86.Build.0 = Release|Any CPU
		{57289E53-6376-4E6B-A727-AC96263D1D60}.Debug|Any CPU.ActiveCfg = Debug|Any CPU
		{57289E53-6376-4E6B-A727-AC96263D1D60}.Debug|Any CPU.Build.0 = Debug|Any CPU
		{57289E53-6376-4E6B-A727-AC96263D1D60}.Debug|x64.ActiveCfg = Debug|Any CPU
		{57289E53-6376-4E6B-A727-AC96263D1D60}.Debug|x64.Build.0 = Debug|Any CPU
		{57289E53-6376-4E6B-A727-AC96263D1D60}.Debug|x86.ActiveCfg = Debug|Any CPU
		{57289E53-6376-4E6B-A727-AC96263D1D60}.Debug|x86.Build.0 = Debug|Any CPU
		{57289E53-6376-4E6B-A727-AC96263D1D60}.Release|Any CPU.ActiveCfg = Release|Any CPU
		{57289E53-6376-4E6B-A727-AC96263D1D60}.Release|Any CPU.Build.0 = Release|Any CPU
		{57289E53-6376-4E6B-A727-AC96263D1D60}.Release|x64.ActiveCfg = Release|Any CPU
		{57289E53-6376-4E6B-A727-AC96263D1D60}.Release|x64.Build.0 = Release|Any CPU
		{57289E53-6376-4E6B-A727-AC96263D1D60}.Release|x86.ActiveCfg = Release|Any CPU
		{57289E53-6376-4E6B-A727-AC96263D1D60}.Release|x86.Build.0 = Release|Any CPU
		{AB823E87-C580-444B-BFC9-D77DFDE01B0C}.Debug|Any CPU.ActiveCfg = Debug|Any CPU
		{AB823E87-C580-444B-BFC9-D77DFDE01B0C}.Debug|Any CPU.Build.0 = Debug|Any CPU
		{AB823E87-C580-444B-BFC9-D77DFDE01B0C}.Debug|x64.ActiveCfg = Debug|Any CPU
		{AB823E87-C580-444B-BFC9-D77DFDE01B0C}.Debug|x64.Build.0 = Debug|Any CPU
		{AB823E87-C580-444B-BFC9-D77DFDE01B0C}.Debug|x86.ActiveCfg = Debug|Any CPU
		{AB823E87-C580-444B-BFC9-D77DFDE01B0C}.Debug|x86.Build.0 = Debug|Any CPU
		{AB823E87-C580-444B-BFC9-D77DFDE01B0C}.Release|Any CPU.ActiveCfg = Release|Any CPU
		{AB823E87-C580-444B-BFC9-D77DFDE01B0C}.Release|Any CPU.Build.0 = Release|Any CPU
		{AB823E87-C580-444B-BFC9-D77DFDE01B0C}.Release|x64.ActiveCfg = Release|Any CPU
		{AB823E87-C580-444B-BFC9-D77DFDE01B0C}.Release|x64.Build.0 = Release|Any CPU
		{AB823E87-C580-444B-BFC9-D77DFDE01B0C}.Release|x86.ActiveCfg = Release|Any CPU
		{AB823E87-C580-444B-BFC9-D77DFDE01B0C}.Release|x86.Build.0 = Release|Any CPU
		{399EE247-7965-4D66-93C0-F4B3515A2D74}.Debug|Any CPU.ActiveCfg = Debug|Any CPU
		{399EE247-7965-4D66-93C0-F4B3515A2D74}.Debug|Any CPU.Build.0 = Debug|Any CPU
		{399EE247-7965-4D66-93C0-F4B3515A2D74}.Debug|x64.ActiveCfg = Debug|Any CPU
		{399EE247-7965-4D66-93C0-F4B3515A2D74}.Debug|x64.Build.0 = Debug|Any CPU
		{399EE247-7965-4D66-93C0-F4B3515A2D74}.Debug|x86.ActiveCfg = Debug|Any CPU
		{399EE247-7965-4D66-93C0-F4B3515A2D74}.Debug|x86.Build.0 = Debug|Any CPU
		{399EE247-7965-4D66-93C0-F4B3515A2D74}.Release|Any CPU.ActiveCfg = Release|Any CPU
		{399EE247-7965-4D66-93C0-F4B3515A2D74}.Release|Any CPU.Build.0 = Release|Any CPU
		{399EE247-7965-4D66-93C0-F4B3515A2D74}.Release|x64.ActiveCfg = Release|Any CPU
		{399EE247-7965-4D66-93C0-F4B3515A2D74}.Release|x64.Build.0 = Release|Any CPU
		{399EE247-7965-4D66-93C0-F4B3515A2D74}.Release|x86.ActiveCfg = Release|Any CPU
		{399EE247-7965-4D66-93C0-F4B3515A2D74}.Release|x86.Build.0 = Release|Any CPU
		{7A866174-A82E-404D-92A6-CDC793E0B303}.Debug|Any CPU.ActiveCfg = Debug|Any CPU
		{7A866174-A82E-404D-92A6-CDC793E0B303}.Debug|Any CPU.Build.0 = Debug|Any CPU
		{7A866174-A82E-404D-92A6-CDC793E0B303}.Debug|x64.ActiveCfg = Debug|Any CPU
		{7A866174-A82E-404D-92A6-CDC793E0B303}.Debug|x64.Build.0 = Debug|Any CPU
		{7A866174-A82E-404D-92A6-CDC793E0B303}.Debug|x86.ActiveCfg = Debug|Any CPU
		{7A866174-A82E-404D-92A6-CDC793E0B303}.Debug|x86.Build.0 = Debug|Any CPU
		{7A866174-A82E-404D-92A6-CDC793E0B303}.Release|Any CPU.ActiveCfg = Release|Any CPU
		{7A866174-A82E-404D-92A6-CDC793E0B303}.Release|Any CPU.Build.0 = Release|Any CPU
		{7A866174-A82E-404D-92A6-CDC793E0B303}.Release|x64.ActiveCfg = Release|Any CPU
		{7A866174-A82E-404D-92A6-CDC793E0B303}.Release|x64.Build.0 = Release|Any CPU
		{7A866174-A82E-404D-92A6-CDC793E0B303}.Release|x86.ActiveCfg = Release|Any CPU
		{7A866174-A82E-404D-92A6-CDC793E0B303}.Release|x86.Build.0 = Release|Any CPU
		{C6BBDEDD-F125-4035-982E-396D30D5F8A0}.Debug|Any CPU.ActiveCfg = Debug|Any CPU
		{C6BBDEDD-F125-4035-982E-396D30D5F8A0}.Debug|Any CPU.Build.0 = Debug|Any CPU
		{C6BBDEDD-F125-4035-982E-396D30D5F8A0}.Debug|x64.ActiveCfg = Debug|Any CPU
		{C6BBDEDD-F125-4035-982E-396D30D5F8A0}.Debug|x64.Build.0 = Debug|Any CPU
		{C6BBDEDD-F125-4035-982E-396D30D5F8A0}.Debug|x86.ActiveCfg = Debug|Any CPU
		{C6BBDEDD-F125-4035-982E-396D30D5F8A0}.Debug|x86.Build.0 = Debug|Any CPU
		{C6BBDEDD-F125-4035-982E-396D30D5F8A0}.Release|Any CPU.ActiveCfg = Release|Any CPU
		{C6BBDEDD-F125-4035-982E-396D30D5F8A0}.Release|Any CPU.Build.0 = Release|Any CPU
		{C6BBDEDD-F125-4035-982E-396D30D5F8A0}.Release|x64.ActiveCfg = Release|Any CPU
		{C6BBDEDD-F125-4035-982E-396D30D5F8A0}.Release|x64.Build.0 = Release|Any CPU
		{C6BBDEDD-F125-4035-982E-396D30D5F8A0}.Release|x86.ActiveCfg = Release|Any CPU
		{C6BBDEDD-F125-4035-982E-396D30D5F8A0}.Release|x86.Build.0 = Release|Any CPU
		{343C0D4E-E82B-48E4-9C9F-A86A728BB89F}.Debug|Any CPU.ActiveCfg = Debug|Any CPU
		{343C0D4E-E82B-48E4-9C9F-A86A728BB89F}.Debug|Any CPU.Build.0 = Debug|Any CPU
		{343C0D4E-E82B-48E4-9C9F-A86A728BB89F}.Debug|x64.ActiveCfg = Debug|Any CPU
		{343C0D4E-E82B-48E4-9C9F-A86A728BB89F}.Debug|x64.Build.0 = Debug|Any CPU
		{343C0D4E-E82B-48E4-9C9F-A86A728BB89F}.Debug|x86.ActiveCfg = Debug|Any CPU
		{343C0D4E-E82B-48E4-9C9F-A86A728BB89F}.Debug|x86.Build.0 = Debug|Any CPU
		{343C0D4E-E82B-48E4-9C9F-A86A728BB89F}.Release|Any CPU.ActiveCfg = Release|Any CPU
		{343C0D4E-E82B-48E4-9C9F-A86A728BB89F}.Release|Any CPU.Build.0 = Release|Any CPU
		{343C0D4E-E82B-48E4-9C9F-A86A728BB89F}.Release|x64.ActiveCfg = Release|Any CPU
		{343C0D4E-E82B-48E4-9C9F-A86A728BB89F}.Release|x64.Build.0 = Release|Any CPU
		{343C0D4E-E82B-48E4-9C9F-A86A728BB89F}.Release|x86.ActiveCfg = Release|Any CPU
		{343C0D4E-E82B-48E4-9C9F-A86A728BB89F}.Release|x86.Build.0 = Release|Any CPU
		{3B21D644-475F-402D-A375-A123083F45B4}.Debug|Any CPU.ActiveCfg = Debug|Any CPU
		{3B21D644-475F-402D-A375-A123083F45B4}.Debug|Any CPU.Build.0 = Debug|Any CPU
		{3B21D644-475F-402D-A375-A123083F45B4}.Debug|x64.ActiveCfg = Debug|Any CPU
		{3B21D644-475F-402D-A375-A123083F45B4}.Debug|x64.Build.0 = Debug|Any CPU
		{3B21D644-475F-402D-A375-A123083F45B4}.Debug|x86.ActiveCfg = Debug|Any CPU
		{3B21D644-475F-402D-A375-A123083F45B4}.Debug|x86.Build.0 = Debug|Any CPU
		{3B21D644-475F-402D-A375-A123083F45B4}.Release|Any CPU.ActiveCfg = Release|Any CPU
		{3B21D644-475F-402D-A375-A123083F45B4}.Release|Any CPU.Build.0 = Release|Any CPU
		{3B21D644-475F-402D-A375-A123083F45B4}.Release|x64.ActiveCfg = Release|Any CPU
		{3B21D644-475F-402D-A375-A123083F45B4}.Release|x64.Build.0 = Release|Any CPU
		{3B21D644-475F-402D-A375-A123083F45B4}.Release|x86.ActiveCfg = Release|Any CPU
		{3B21D644-475F-402D-A375-A123083F45B4}.Release|x86.Build.0 = Release|Any CPU
		{CBB64053-930A-41E3-BFA5-18060BACEDFF}.Debug|Any CPU.ActiveCfg = Debug|Any CPU
		{CBB64053-930A-41E3-BFA5-18060BACEDFF}.Debug|Any CPU.Build.0 = Debug|Any CPU
		{CBB64053-930A-41E3-BFA5-18060BACEDFF}.Debug|x64.ActiveCfg = Debug|Any CPU
		{CBB64053-930A-41E3-BFA5-18060BACEDFF}.Debug|x64.Build.0 = Debug|Any CPU
		{CBB64053-930A-41E3-BFA5-18060BACEDFF}.Debug|x86.ActiveCfg = Debug|Any CPU
		{CBB64053-930A-41E3-BFA5-18060BACEDFF}.Debug|x86.Build.0 = Debug|Any CPU
		{CBB64053-930A-41E3-BFA5-18060BACEDFF}.Release|Any CPU.ActiveCfg = Release|Any CPU
		{CBB64053-930A-41E3-BFA5-18060BACEDFF}.Release|Any CPU.Build.0 = Release|Any CPU
		{CBB64053-930A-41E3-BFA5-18060BACEDFF}.Release|x64.ActiveCfg = Release|Any CPU
		{CBB64053-930A-41E3-BFA5-18060BACEDFF}.Release|x64.Build.0 = Release|Any CPU
		{CBB64053-930A-41E3-BFA5-18060BACEDFF}.Release|x86.ActiveCfg = Release|Any CPU
		{CBB64053-930A-41E3-BFA5-18060BACEDFF}.Release|x86.Build.0 = Release|Any CPU
		{F3E21F43-4F3B-4409-8395-05874D80EF53}.Debug|Any CPU.ActiveCfg = Debug|Any CPU
		{F3E21F43-4F3B-4409-8395-05874D80EF53}.Debug|Any CPU.Build.0 = Debug|Any CPU
		{F3E21F43-4F3B-4409-8395-05874D80EF53}.Debug|x64.ActiveCfg = Debug|Any CPU
		{F3E21F43-4F3B-4409-8395-05874D80EF53}.Debug|x64.Build.0 = Debug|Any CPU
		{F3E21F43-4F3B-4409-8395-05874D80EF53}.Debug|x86.ActiveCfg = Debug|Any CPU
		{F3E21F43-4F3B-4409-8395-05874D80EF53}.Debug|x86.Build.0 = Debug|Any CPU
		{F3E21F43-4F3B-4409-8395-05874D80EF53}.Release|Any CPU.ActiveCfg = Release|Any CPU
		{F3E21F43-4F3B-4409-8395-05874D80EF53}.Release|Any CPU.Build.0 = Release|Any CPU
		{F3E21F43-4F3B-4409-8395-05874D80EF53}.Release|x64.ActiveCfg = Release|Any CPU
		{F3E21F43-4F3B-4409-8395-05874D80EF53}.Release|x64.Build.0 = Release|Any CPU
		{F3E21F43-4F3B-4409-8395-05874D80EF53}.Release|x86.ActiveCfg = Release|Any CPU
		{F3E21F43-4F3B-4409-8395-05874D80EF53}.Release|x86.Build.0 = Release|Any CPU
		{A2F220CA-899A-46FC-8F38-EA9B8FBFE2FF}.Debug|Any CPU.ActiveCfg = Debug|Any CPU
		{A2F220CA-899A-46FC-8F38-EA9B8FBFE2FF}.Debug|Any CPU.Build.0 = Debug|Any CPU
		{A2F220CA-899A-46FC-8F38-EA9B8FBFE2FF}.Debug|x64.ActiveCfg = Debug|Any CPU
		{A2F220CA-899A-46FC-8F38-EA9B8FBFE2FF}.Debug|x64.Build.0 = Debug|Any CPU
		{A2F220CA-899A-46FC-8F38-EA9B8FBFE2FF}.Debug|x86.ActiveCfg = Debug|Any CPU
		{A2F220CA-899A-46FC-8F38-EA9B8FBFE2FF}.Debug|x86.Build.0 = Debug|Any CPU
		{A2F220CA-899A-46FC-8F38-EA9B8FBFE2FF}.Release|Any CPU.ActiveCfg = Release|Any CPU
		{A2F220CA-899A-46FC-8F38-EA9B8FBFE2FF}.Release|Any CPU.Build.0 = Release|Any CPU
		{A2F220CA-899A-46FC-8F38-EA9B8FBFE2FF}.Release|x64.ActiveCfg = Release|Any CPU
		{A2F220CA-899A-46FC-8F38-EA9B8FBFE2FF}.Release|x64.Build.0 = Release|Any CPU
		{A2F220CA-899A-46FC-8F38-EA9B8FBFE2FF}.Release|x86.ActiveCfg = Release|Any CPU
		{A2F220CA-899A-46FC-8F38-EA9B8FBFE2FF}.Release|x86.Build.0 = Release|Any CPU
		{7C9A62CE-3FF1-4103-B65E-EFA44C27CE54}.Debug|Any CPU.ActiveCfg = Debug|Any CPU
		{7C9A62CE-3FF1-4103-B65E-EFA44C27CE54}.Debug|Any CPU.Build.0 = Debug|Any CPU
		{7C9A62CE-3FF1-4103-B65E-EFA44C27CE54}.Debug|x64.ActiveCfg = Debug|Any CPU
		{7C9A62CE-3FF1-4103-B65E-EFA44C27CE54}.Debug|x64.Build.0 = Debug|Any CPU
		{7C9A62CE-3FF1-4103-B65E-EFA44C27CE54}.Debug|x86.ActiveCfg = Debug|Any CPU
		{7C9A62CE-3FF1-4103-B65E-EFA44C27CE54}.Debug|x86.Build.0 = Debug|Any CPU
		{7C9A62CE-3FF1-4103-B65E-EFA44C27CE54}.Release|Any CPU.ActiveCfg = Release|Any CPU
		{7C9A62CE-3FF1-4103-B65E-EFA44C27CE54}.Release|Any CPU.Build.0 = Release|Any CPU
		{7C9A62CE-3FF1-4103-B65E-EFA44C27CE54}.Release|x64.ActiveCfg = Release|Any CPU
		{7C9A62CE-3FF1-4103-B65E-EFA44C27CE54}.Release|x64.Build.0 = Release|Any CPU
		{7C9A62CE-3FF1-4103-B65E-EFA44C27CE54}.Release|x86.ActiveCfg = Release|Any CPU
		{7C9A62CE-3FF1-4103-B65E-EFA44C27CE54}.Release|x86.Build.0 = Release|Any CPU
		{1D88642B-DA4A-49AB-B881-4DAFB7EBCF00}.Debug|Any CPU.ActiveCfg = Debug|Any CPU
		{1D88642B-DA4A-49AB-B881-4DAFB7EBCF00}.Debug|Any CPU.Build.0 = Debug|Any CPU
		{1D88642B-DA4A-49AB-B881-4DAFB7EBCF00}.Debug|x64.ActiveCfg = Debug|Any CPU
		{1D88642B-DA4A-49AB-B881-4DAFB7EBCF00}.Debug|x64.Build.0 = Debug|Any CPU
		{1D88642B-DA4A-49AB-B881-4DAFB7EBCF00}.Debug|x86.ActiveCfg = Debug|Any CPU
		{1D88642B-DA4A-49AB-B881-4DAFB7EBCF00}.Debug|x86.Build.0 = Debug|Any CPU
		{1D88642B-DA4A-49AB-B881-4DAFB7EBCF00}.Release|Any CPU.ActiveCfg = Release|Any CPU
		{1D88642B-DA4A-49AB-B881-4DAFB7EBCF00}.Release|Any CPU.Build.0 = Release|Any CPU
		{1D88642B-DA4A-49AB-B881-4DAFB7EBCF00}.Release|x64.ActiveCfg = Release|Any CPU
		{1D88642B-DA4A-49AB-B881-4DAFB7EBCF00}.Release|x64.Build.0 = Release|Any CPU
		{1D88642B-DA4A-49AB-B881-4DAFB7EBCF00}.Release|x86.ActiveCfg = Release|Any CPU
		{1D88642B-DA4A-49AB-B881-4DAFB7EBCF00}.Release|x86.Build.0 = Release|Any CPU
		{C9A8B9C9-90C7-4879-B1C6-EDE24AE9A56B}.Debug|Any CPU.ActiveCfg = Debug|Any CPU
		{C9A8B9C9-90C7-4879-B1C6-EDE24AE9A56B}.Debug|Any CPU.Build.0 = Debug|Any CPU
		{C9A8B9C9-90C7-4879-B1C6-EDE24AE9A56B}.Debug|x64.ActiveCfg = Debug|Any CPU
		{C9A8B9C9-90C7-4879-B1C6-EDE24AE9A56B}.Debug|x64.Build.0 = Debug|Any CPU
		{C9A8B9C9-90C7-4879-B1C6-EDE24AE9A56B}.Debug|x86.ActiveCfg = Debug|Any CPU
		{C9A8B9C9-90C7-4879-B1C6-EDE24AE9A56B}.Debug|x86.Build.0 = Debug|Any CPU
		{C9A8B9C9-90C7-4879-B1C6-EDE24AE9A56B}.Release|Any CPU.ActiveCfg = Release|Any CPU
		{C9A8B9C9-90C7-4879-B1C6-EDE24AE9A56B}.Release|Any CPU.Build.0 = Release|Any CPU
		{C9A8B9C9-90C7-4879-B1C6-EDE24AE9A56B}.Release|x64.ActiveCfg = Release|Any CPU
		{C9A8B9C9-90C7-4879-B1C6-EDE24AE9A56B}.Release|x64.Build.0 = Release|Any CPU
		{C9A8B9C9-90C7-4879-B1C6-EDE24AE9A56B}.Release|x86.ActiveCfg = Release|Any CPU
		{C9A8B9C9-90C7-4879-B1C6-EDE24AE9A56B}.Release|x86.Build.0 = Release|Any CPU
		{4D4A59E8-F173-4CBC-8BC4-577826FEF6C9}.Debug|Any CPU.ActiveCfg = Debug|Any CPU
		{4D4A59E8-F173-4CBC-8BC4-577826FEF6C9}.Debug|Any CPU.Build.0 = Debug|Any CPU
		{4D4A59E8-F173-4CBC-8BC4-577826FEF6C9}.Debug|x64.ActiveCfg = Debug|Any CPU
		{4D4A59E8-F173-4CBC-8BC4-577826FEF6C9}.Debug|x64.Build.0 = Debug|Any CPU
		{4D4A59E8-F173-4CBC-8BC4-577826FEF6C9}.Debug|x86.ActiveCfg = Debug|Any CPU
		{4D4A59E8-F173-4CBC-8BC4-577826FEF6C9}.Debug|x86.Build.0 = Debug|Any CPU
		{4D4A59E8-F173-4CBC-8BC4-577826FEF6C9}.Release|Any CPU.ActiveCfg = Release|Any CPU
		{4D4A59E8-F173-4CBC-8BC4-577826FEF6C9}.Release|Any CPU.Build.0 = Release|Any CPU
		{4D4A59E8-F173-4CBC-8BC4-577826FEF6C9}.Release|x64.ActiveCfg = Release|Any CPU
		{4D4A59E8-F173-4CBC-8BC4-577826FEF6C9}.Release|x64.Build.0 = Release|Any CPU
		{4D4A59E8-F173-4CBC-8BC4-577826FEF6C9}.Release|x86.ActiveCfg = Release|Any CPU
		{4D4A59E8-F173-4CBC-8BC4-577826FEF6C9}.Release|x86.Build.0 = Release|Any CPU
		{F697E7D1-BCE0-4136-84A0-9D6209BA3B99}.Debug|Any CPU.ActiveCfg = Debug|Any CPU
		{F697E7D1-BCE0-4136-84A0-9D6209BA3B99}.Debug|Any CPU.Build.0 = Debug|Any CPU
		{F697E7D1-BCE0-4136-84A0-9D6209BA3B99}.Debug|x64.ActiveCfg = Debug|Any CPU
		{F697E7D1-BCE0-4136-84A0-9D6209BA3B99}.Debug|x64.Build.0 = Debug|Any CPU
		{F697E7D1-BCE0-4136-84A0-9D6209BA3B99}.Debug|x86.ActiveCfg = Debug|Any CPU
		{F697E7D1-BCE0-4136-84A0-9D6209BA3B99}.Debug|x86.Build.0 = Debug|Any CPU
		{F697E7D1-BCE0-4136-84A0-9D6209BA3B99}.Release|Any CPU.ActiveCfg = Release|Any CPU
		{F697E7D1-BCE0-4136-84A0-9D6209BA3B99}.Release|Any CPU.Build.0 = Release|Any CPU
		{F697E7D1-BCE0-4136-84A0-9D6209BA3B99}.Release|x64.ActiveCfg = Release|Any CPU
		{F697E7D1-BCE0-4136-84A0-9D6209BA3B99}.Release|x64.Build.0 = Release|Any CPU
		{F697E7D1-BCE0-4136-84A0-9D6209BA3B99}.Release|x86.ActiveCfg = Release|Any CPU
		{F697E7D1-BCE0-4136-84A0-9D6209BA3B99}.Release|x86.Build.0 = Release|Any CPU
		{EF8D5636-9C34-4EAC-8350-1A06BB57427F}.Debug|Any CPU.ActiveCfg = Debug|Any CPU
		{EF8D5636-9C34-4EAC-8350-1A06BB57427F}.Debug|Any CPU.Build.0 = Debug|Any CPU
		{EF8D5636-9C34-4EAC-8350-1A06BB57427F}.Debug|x64.ActiveCfg = Debug|Any CPU
		{EF8D5636-9C34-4EAC-8350-1A06BB57427F}.Debug|x64.Build.0 = Debug|Any CPU
		{EF8D5636-9C34-4EAC-8350-1A06BB57427F}.Debug|x86.ActiveCfg = Debug|Any CPU
		{EF8D5636-9C34-4EAC-8350-1A06BB57427F}.Debug|x86.Build.0 = Debug|Any CPU
		{EF8D5636-9C34-4EAC-8350-1A06BB57427F}.Release|Any CPU.ActiveCfg = Release|Any CPU
		{EF8D5636-9C34-4EAC-8350-1A06BB57427F}.Release|Any CPU.Build.0 = Release|Any CPU
		{EF8D5636-9C34-4EAC-8350-1A06BB57427F}.Release|x64.ActiveCfg = Release|Any CPU
		{EF8D5636-9C34-4EAC-8350-1A06BB57427F}.Release|x64.Build.0 = Release|Any CPU
		{EF8D5636-9C34-4EAC-8350-1A06BB57427F}.Release|x86.ActiveCfg = Release|Any CPU
		{EF8D5636-9C34-4EAC-8350-1A06BB57427F}.Release|x86.Build.0 = Release|Any CPU
		{7BA36912-0546-4F97-8349-323557DDD3BC}.Debug|Any CPU.ActiveCfg = Debug|Any CPU
		{7BA36912-0546-4F97-8349-323557DDD3BC}.Debug|Any CPU.Build.0 = Debug|Any CPU
		{7BA36912-0546-4F97-8349-323557DDD3BC}.Debug|x64.ActiveCfg = Debug|Any CPU
		{7BA36912-0546-4F97-8349-323557DDD3BC}.Debug|x64.Build.0 = Debug|Any CPU
		{7BA36912-0546-4F97-8349-323557DDD3BC}.Debug|x86.ActiveCfg = Debug|Any CPU
		{7BA36912-0546-4F97-8349-323557DDD3BC}.Debug|x86.Build.0 = Debug|Any CPU
		{7BA36912-0546-4F97-8349-323557DDD3BC}.Release|Any CPU.ActiveCfg = Release|Any CPU
		{7BA36912-0546-4F97-8349-323557DDD3BC}.Release|Any CPU.Build.0 = Release|Any CPU
		{7BA36912-0546-4F97-8349-323557DDD3BC}.Release|x64.ActiveCfg = Release|Any CPU
		{7BA36912-0546-4F97-8349-323557DDD3BC}.Release|x64.Build.0 = Release|Any CPU
		{7BA36912-0546-4F97-8349-323557DDD3BC}.Release|x86.ActiveCfg = Release|Any CPU
		{7BA36912-0546-4F97-8349-323557DDD3BC}.Release|x86.Build.0 = Release|Any CPU
		{0128F35B-57F2-48FC-9F59-9D65000F3E74}.Debug|Any CPU.ActiveCfg = Debug|Any CPU
		{0128F35B-57F2-48FC-9F59-9D65000F3E74}.Debug|Any CPU.Build.0 = Debug|Any CPU
		{0128F35B-57F2-48FC-9F59-9D65000F3E74}.Debug|x64.ActiveCfg = Debug|Any CPU
		{0128F35B-57F2-48FC-9F59-9D65000F3E74}.Debug|x64.Build.0 = Debug|Any CPU
		{0128F35B-57F2-48FC-9F59-9D65000F3E74}.Debug|x86.ActiveCfg = Debug|Any CPU
		{0128F35B-57F2-48FC-9F59-9D65000F3E74}.Debug|x86.Build.0 = Debug|Any CPU
		{0128F35B-57F2-48FC-9F59-9D65000F3E74}.Release|Any CPU.ActiveCfg = Release|Any CPU
		{0128F35B-57F2-48FC-9F59-9D65000F3E74}.Release|Any CPU.Build.0 = Release|Any CPU
		{0128F35B-57F2-48FC-9F59-9D65000F3E74}.Release|x64.ActiveCfg = Release|Any CPU
		{0128F35B-57F2-48FC-9F59-9D65000F3E74}.Release|x64.Build.0 = Release|Any CPU
		{0128F35B-57F2-48FC-9F59-9D65000F3E74}.Release|x86.ActiveCfg = Release|Any CPU
		{0128F35B-57F2-48FC-9F59-9D65000F3E74}.Release|x86.Build.0 = Release|Any CPU
		{FFFD0B0A-C786-4BA3-BBF1-EC54A60EE331}.Debug|Any CPU.ActiveCfg = Debug|Any CPU
		{FFFD0B0A-C786-4BA3-BBF1-EC54A60EE331}.Debug|Any CPU.Build.0 = Debug|Any CPU
		{FFFD0B0A-C786-4BA3-BBF1-EC54A60EE331}.Debug|x64.ActiveCfg = Debug|Any CPU
		{FFFD0B0A-C786-4BA3-BBF1-EC54A60EE331}.Debug|x64.Build.0 = Debug|Any CPU
		{FFFD0B0A-C786-4BA3-BBF1-EC54A60EE331}.Debug|x86.ActiveCfg = Debug|Any CPU
		{FFFD0B0A-C786-4BA3-BBF1-EC54A60EE331}.Debug|x86.Build.0 = Debug|Any CPU
		{FFFD0B0A-C786-4BA3-BBF1-EC54A60EE331}.Release|Any CPU.ActiveCfg = Release|Any CPU
		{FFFD0B0A-C786-4BA3-BBF1-EC54A60EE331}.Release|Any CPU.Build.0 = Release|Any CPU
		{FFFD0B0A-C786-4BA3-BBF1-EC54A60EE331}.Release|x64.ActiveCfg = Release|Any CPU
		{FFFD0B0A-C786-4BA3-BBF1-EC54A60EE331}.Release|x64.Build.0 = Release|Any CPU
		{FFFD0B0A-C786-4BA3-BBF1-EC54A60EE331}.Release|x86.ActiveCfg = Release|Any CPU
		{FFFD0B0A-C786-4BA3-BBF1-EC54A60EE331}.Release|x86.Build.0 = Release|Any CPU
		{C17C80F4-455B-4A27-B86E-4C36D0FF1933}.Debug|Any CPU.ActiveCfg = Debug|Any CPU
		{C17C80F4-455B-4A27-B86E-4C36D0FF1933}.Debug|Any CPU.Build.0 = Debug|Any CPU
		{C17C80F4-455B-4A27-B86E-4C36D0FF1933}.Debug|x64.ActiveCfg = Debug|Any CPU
		{C17C80F4-455B-4A27-B86E-4C36D0FF1933}.Debug|x64.Build.0 = Debug|Any CPU
		{C17C80F4-455B-4A27-B86E-4C36D0FF1933}.Debug|x86.ActiveCfg = Debug|Any CPU
		{C17C80F4-455B-4A27-B86E-4C36D0FF1933}.Debug|x86.Build.0 = Debug|Any CPU
		{C17C80F4-455B-4A27-B86E-4C36D0FF1933}.Release|Any CPU.ActiveCfg = Release|Any CPU
		{C17C80F4-455B-4A27-B86E-4C36D0FF1933}.Release|Any CPU.Build.0 = Release|Any CPU
		{C17C80F4-455B-4A27-B86E-4C36D0FF1933}.Release|x64.ActiveCfg = Release|Any CPU
		{C17C80F4-455B-4A27-B86E-4C36D0FF1933}.Release|x64.Build.0 = Release|Any CPU
		{C17C80F4-455B-4A27-B86E-4C36D0FF1933}.Release|x86.ActiveCfg = Release|Any CPU
		{C17C80F4-455B-4A27-B86E-4C36D0FF1933}.Release|x86.Build.0 = Release|Any CPU
		{B3E0A1E0-6E9C-4B3B-A3C2-2A0C8509B8C7}.Debug|Any CPU.ActiveCfg = Debug|Any CPU
		{B3E0A1E0-6E9C-4B3B-A3C2-2A0C8509B8C7}.Debug|Any CPU.Build.0 = Debug|Any CPU
		{B3E0A1E0-6E9C-4B3B-A3C2-2A0C8509B8C7}.Debug|x64.ActiveCfg = Debug|Any CPU
		{B3E0A1E0-6E9C-4B3B-A3C2-2A0C8509B8C7}.Debug|x64.Build.0 = Debug|Any CPU
		{B3E0A1E0-6E9C-4B3B-A3C2-2A0C8509B8C7}.Debug|x86.ActiveCfg = Debug|Any CPU
		{B3E0A1E0-6E9C-4B3B-A3C2-2A0C8509B8C7}.Debug|x86.Build.0 = Debug|Any CPU
		{B3E0A1E0-6E9C-4B3B-A3C2-2A0C8509B8C7}.Release|Any CPU.ActiveCfg = Release|Any CPU
		{B3E0A1E0-6E9C-4B3B-A3C2-2A0C8509B8C7}.Release|Any CPU.Build.0 = Release|Any CPU
		{B3E0A1E0-6E9C-4B3B-A3C2-2A0C8509B8C7}.Release|x64.ActiveCfg = Release|Any CPU
		{B3E0A1E0-6E9C-4B3B-A3C2-2A0C8509B8C7}.Release|x64.Build.0 = Release|Any CPU
		{B3E0A1E0-6E9C-4B3B-A3C2-2A0C8509B8C7}.Release|x86.ActiveCfg = Release|Any CPU
		{B3E0A1E0-6E9C-4B3B-A3C2-2A0C8509B8C7}.Release|x86.Build.0 = Release|Any CPU
		{5DA1C9C1-ED05-4BEF-B28B-7502500FABFC}.Debug|Any CPU.ActiveCfg = Debug|Any CPU
		{5DA1C9C1-ED05-4BEF-B28B-7502500FABFC}.Debug|Any CPU.Build.0 = Debug|Any CPU
		{5DA1C9C1-ED05-4BEF-B28B-7502500FABFC}.Debug|x64.ActiveCfg = Debug|Any CPU
		{5DA1C9C1-ED05-4BEF-B28B-7502500FABFC}.Debug|x64.Build.0 = Debug|Any CPU
		{5DA1C9C1-ED05-4BEF-B28B-7502500FABFC}.Debug|x86.ActiveCfg = Debug|Any CPU
		{5DA1C9C1-ED05-4BEF-B28B-7502500FABFC}.Debug|x86.Build.0 = Debug|Any CPU
		{5DA1C9C1-ED05-4BEF-B28B-7502500FABFC}.Release|Any CPU.ActiveCfg = Release|Any CPU
		{5DA1C9C1-ED05-4BEF-B28B-7502500FABFC}.Release|Any CPU.Build.0 = Release|Any CPU
		{5DA1C9C1-ED05-4BEF-B28B-7502500FABFC}.Release|x64.ActiveCfg = Release|Any CPU
		{5DA1C9C1-ED05-4BEF-B28B-7502500FABFC}.Release|x64.Build.0 = Release|Any CPU
		{5DA1C9C1-ED05-4BEF-B28B-7502500FABFC}.Release|x86.ActiveCfg = Release|Any CPU
		{5DA1C9C1-ED05-4BEF-B28B-7502500FABFC}.Release|x86.Build.0 = Release|Any CPU
	EndGlobalSection
	GlobalSection(SolutionProperties) = preSolution
		HideSolutionNode = FALSE
	EndGlobalSection
	GlobalSection(NestedProjects) = preSolution
		{3B410856-6803-476B-A5AE-A64E008AE8ED} = {C0B1E533-6E4B-4758-857F-3FBE579A3D07}
		{44B364BF-CC96-4C2E-917F-1FCE002BDFA7} = {C0B1E533-6E4B-4758-857F-3FBE579A3D07}
		{0A84F48A-DC57-4887-A8E1-259879E5C7A9} = {C0B1E533-6E4B-4758-857F-3FBE579A3D07}
		{527CCA85-6C5E-40AD-88B7-962FC0CFC785} = {C0B1E533-6E4B-4758-857F-3FBE579A3D07}
		{51080DF8-8CC4-457B-BD3A-A62C3448DD2F} = {C0B1E533-6E4B-4758-857F-3FBE579A3D07}
		{8549D05B-7C1F-4669-A6AE-619295068514} = {C0B1E533-6E4B-4758-857F-3FBE579A3D07}
		{A2A16336-3C80-47EA-8787-099932D09561} = {C0B1E533-6E4B-4758-857F-3FBE579A3D07}
		{A117CA77-12E6-4AC4-9F27-75DAAEBD5F60} = {C0B1E533-6E4B-4758-857F-3FBE579A3D07}
		{57289E53-6376-4E6B-A727-AC96263D1D60} = {C0B1E533-6E4B-4758-857F-3FBE579A3D07}
		{AB823E87-C580-444B-BFC9-D77DFDE01B0C} = {C0B1E533-6E4B-4758-857F-3FBE579A3D07}
		{399EE247-7965-4D66-93C0-F4B3515A2D74} = {C0B1E533-6E4B-4758-857F-3FBE579A3D07}
		{7A866174-A82E-404D-92A6-CDC793E0B303} = {C0B1E533-6E4B-4758-857F-3FBE579A3D07}
		{C6BBDEDD-F125-4035-982E-396D30D5F8A0} = {C0B1E533-6E4B-4758-857F-3FBE579A3D07}
		{343C0D4E-E82B-48E4-9C9F-A86A728BB89F} = {C0B1E533-6E4B-4758-857F-3FBE579A3D07}
		{3B21D644-475F-402D-A375-A123083F45B4} = {C0B1E533-6E4B-4758-857F-3FBE579A3D07}
		{CBB64053-930A-41E3-BFA5-18060BACEDFF} = {827BD35E-EC1E-4E3C-964B-0BF3986358A8}
		{F3E21F43-4F3B-4409-8395-05874D80EF53} = {827BD35E-EC1E-4E3C-964B-0BF3986358A8}
		{A2F220CA-899A-46FC-8F38-EA9B8FBFE2FF} = {827BD35E-EC1E-4E3C-964B-0BF3986358A8}
		{7C9A62CE-3FF1-4103-B65E-EFA44C27CE54} = {827BD35E-EC1E-4E3C-964B-0BF3986358A8}
		{1D88642B-DA4A-49AB-B881-4DAFB7EBCF00} = {827BD35E-EC1E-4E3C-964B-0BF3986358A8}
		{C9A8B9C9-90C7-4879-B1C6-EDE24AE9A56B} = {827BD35E-EC1E-4E3C-964B-0BF3986358A8}
		{4D4A59E8-F173-4CBC-8BC4-577826FEF6C9} = {827BD35E-EC1E-4E3C-964B-0BF3986358A8}
		{F697E7D1-BCE0-4136-84A0-9D6209BA3B99} = {827BD35E-EC1E-4E3C-964B-0BF3986358A8}
		{EF8D5636-9C34-4EAC-8350-1A06BB57427F} = {827BD35E-EC1E-4E3C-964B-0BF3986358A8}
		{7BA36912-0546-4F97-8349-323557DDD3BC} = {827BD35E-EC1E-4E3C-964B-0BF3986358A8}
		{0128F35B-57F2-48FC-9F59-9D65000F3E74} = {827BD35E-EC1E-4E3C-964B-0BF3986358A8}
		{FFFD0B0A-C786-4BA3-BBF1-EC54A60EE331} = {C0B1E533-6E4B-4758-857F-3FBE579A3D07}
		{C0B1E533-6E4B-4758-857F-3FBE579A3D07} = {827E0CD3-B72D-47B6-A68D-7590B98EB39B}
		{827BD35E-EC1E-4E3C-964B-0BF3986358A8} = {827E0CD3-B72D-47B6-A68D-7590B98EB39B}
		{C17C80F4-455B-4A27-B86E-4C36D0FF1933} = {827BD35E-EC1E-4E3C-964B-0BF3986358A8}
		{5DA1C9C1-ED05-4BEF-B28B-7502500FABFC} = {F51AD82A-0B86-41AD-82E8-E4FD4EFDC459}
	EndGlobalSection
EndGlobal
